// !$*UTF8*$!
{
	archiveVersion = 1;
	classes = {
	};
	objectVersion = 77;
	objects = {

/* Begin PBXBuildFile section */
		0B02C6372E3AEE1200A672B6 /* CloudKit.framework in Frameworks */ = {isa = PBXBuildFile; fileRef = 0B02C6352E3AEE0D00A672B6 /* CloudKit.framework */; };
		0B02C63B2E3AEE3E00A672B6 /* CloudProvider.swift in Sources */ = {isa = PBXBuildFile; fileRef = 0B02C63A2E3AEE3E00A672B6 /* CloudProvider.swift */; };
		0B1819F02E39D97000562B43 /* MacroApp.swift in Sources */ = {isa = PBXBuildFile; fileRef = 0B1819EF2E39D97000562B43 /* MacroApp.swift */; };
		0B5257A62E3A2E2900B30CCA /* Assets.xcassets in Resources */ = {isa = PBXBuildFile; fileRef = 0B5257A52E3A2E2900B30CCA /* Assets.xcassets */; };
		0B7B3BFE2E3D7E470056A79C /* SupabaseService.swift in Sources */ = {isa = PBXBuildFile; fileRef = 0B7B3BFD2E3D7E470056A79C /* SupabaseService.swift */; };
		0B7B3C092E3D7E6D0056A79C /* CloudNutrientHandler.swift in Sources */ = {isa = PBXBuildFile; fileRef = 0B7B3C002E3D7E6D0056A79C /* CloudNutrientHandler.swift */; };
		0B7B3C0A2E3D7E6D0056A79C /* NutrientService.swift in Sources */ = {isa = PBXBuildFile; fileRef = 0B7B3C062E3D7E6D0056A79C /* NutrientService.swift */; };
		0B7B3C0B2E3D7E6D0056A79C /* GitHubNutrientService.swift in Sources */ = {isa = PBXBuildFile; fileRef = 0B7B3C032E3D7E6D0056A79C /* GitHubNutrientService.swift */; };
		0B7B3C0C2E3D7E6D0056A79C /* FoodAnalysisService.swift in Sources */ = {isa = PBXBuildFile; fileRef = 0B7B3C022E3D7E6D0056A79C /* FoodAnalysisService.swift */; };
		0B7B3C0D2E3D7E6D0056A79C /* MacroServices.swift in Sources */ = {isa = PBXBuildFile; fileRef = 0B7B3C052E3D7E6D0056A79C /* MacroServices.swift */; };
		0B7B3C0E2E3D7E6D0056A79C /* AlternativeStorageOptions.swift in Sources */ = {isa = PBXBuildFile; fileRef = 0B7B3BFF2E3D7E6D0056A79C /* AlternativeStorageOptions.swift */; };
		0B7B3C0F2E3D7E6D0056A79C /* SimpleFoodAI.swift in Sources */ = {isa = PBXBuildFile; fileRef = 0B7B3C072E3D7E6D0056A79C /* SimpleFoodAI.swift */; };
		0B7B3C102E3D7E6D0056A79C /* CloudNutrientService.swift in Sources */ = {isa = PBXBuildFile; fileRef = 0B7B3C012E3D7E6D0056A79C /* CloudNutrientService.swift */; };
		0B7B3C112E3D7E6D0056A79C /* GitHubNutrientServiceTest.swift in Sources */ = {isa = PBXBuildFile; fileRef = 0B7B3C042E3D7E6D0056A79C /* GitHubNutrientServiceTest.swift */; };
		0B7B3C292E3D7EA10056A79C /* SessionStore.swift in Sources */ = {isa = PBXBuildFile; fileRef = 0B7B3C132E3D7EA10056A79C /* SessionStore.swift */; };
		0B7B3C2A2E3D7EA10056A79C /* NavigationBar.swift in Sources */ = {isa = PBXBuildFile; fileRef = 0B7B3C172E3D7EA10056A79C /* NavigationBar.swift */; };
		0B7B3C2B2E3D7EA10056A79C /* NutrientDatabaseDownloadView.swift in Sources */ = {isa = PBXBuildFile; fileRef = 0B7B3C182E3D7EA10056A79C /* NutrientDatabaseDownloadView.swift */; };
		0B7B3C2C2E3D7EA10056A79C /* SettingsView.swift in Sources */ = {isa = PBXBuildFile; fileRef = 0B7B3C272E3D7EA10056A79C /* SettingsView.swift */; };
		0B7B3C2D2E3D7EA10056A79C /* ProfileSetupView.swift in Sources */ = {isa = PBXBuildFile; fileRef = 0B7B3C222E3D7EA10056A79C /* ProfileSetupView.swift */; };
		0B7B3C2E2E3D7EA10056A79C /* WelcomeView.swift in Sources */ = {isa = PBXBuildFile; fileRef = 0B7B3C232E3D7EA10056A79C /* WelcomeView.swift */; };
		0B7B3C2F2E3D7EA10056A79C /* LoadingAnimations.swift in Sources */ = {isa = PBXBuildFile; fileRef = 0B7B3C162E3D7EA10056A79C /* LoadingAnimations.swift */; };
		0B7B3C302E3D7EA10056A79C /* LoginView.swift in Sources */ = {isa = PBXBuildFile; fileRef = 0B7B3C122E3D7EA10056A79C /* LoginView.swift */; };
		0B7B3C312E3D7EA10056A79C /* MainAppView.swift in Sources */ = {isa = PBXBuildFile; fileRef = 0B7B3C1D2E3D7EA10056A79C /* MainAppView.swift */; };
		0B7B3C322E3D7EA10056A79C /* StyledTextField.swift in Sources */ = {isa = PBXBuildFile; fileRef = 0B7B3C192E3D7EA10056A79C /* StyledTextField.swift */; };
		0B7B3C332E3D7EA10056A79C /* FloatingInputBar.swift in Sources */ = {isa = PBXBuildFile; fileRef = 0B7B3C1C2E3D7EA10056A79C /* FloatingInputBar.swift */; };
		0B7B3C342E3D7EA10056A79C /* OnboardingDemoView.swift in Sources */ = {isa = PBXBuildFile; fileRef = 0B7B3C212E3D7EA10056A79C /* OnboardingDemoView.swift */; };
		0B7B3C352E3D7EA10056A79C /* AnimatedWelcomeLogo.swift in Sources */ = {isa = PBXBuildFile; fileRef = 0B7B3C152E3D7EA10056A79C /* AnimatedWelcomeLogo.swift */; };
		0B7B3C362E3D7EA10056A79C /* UniversalBackground.swift in Sources */ = {isa = PBXBuildFile; fileRef = 0B7B3C1A2E3D7EA10056A79C /* UniversalBackground.swift */; };
		0B7B3C372E3D7EA10056A79C /* CloudStorageSettingsView.swift in Sources */ = {isa = PBXBuildFile; fileRef = 0B7B3C252E3D7EA10056A79C /* CloudStorageSettingsView.swift */; };
		0B7B3C382E3D7EA10056A79C /* SettingsMenu.swift in Sources */ = {isa = PBXBuildFile; fileRef = 0B7B3C262E3D7EA10056A79C /* SettingsMenu.swift */; };
		0B7B3C392E3D7EA10056A79C /* MainAppView_Simple.swift in Sources */ = {isa = PBXBuildFile; fileRef = 0B7B3C1E2E3D7EA10056A79C /* MainAppView_Simple.swift */; };
		0B7B3C3A2E3D7EA10056A79C /* BMICalculatorView.swift in Sources */ = {isa = PBXBuildFile; fileRef = 0B7B3C202E3D7EA10056A79C /* BMICalculatorView.swift */; };
		0B7C99B32E3AE81100C74B04 /* CloudKitProfileService.swift in Sources */ = {isa = PBXBuildFile; fileRef = 0B7C99B12E3AE81100C74B04 /* CloudKitProfileService.swift */; };
		0B7C99B42E3AE81100C74B04 /* CloudKitUserProfileRepository.swift in Sources */ = {isa = PBXBuildFile; fileRef = 0B7C99B22E3AE81100C74B04 /* CloudKitUserProfileRepository.swift */; };
		0B9ED1E32E39D21A006A7B7B /* Group.swift in Sources */ = {isa = PBXBuildFile; fileRef = 0B9ED1D32E39D21A006A7B7B /* Group.swift */; };
		0B9ED1E52E39D21A006A7B7B /* UserProfileRepository.swift in Sources */ = {isa = PBXBuildFile; fileRef = 0B9ED1D12E39D21A006A7B7B /* UserProfileRepository.swift */; };
		0B9ED1E62E39D21A006A7B7B /* ICloudService.swift in Sources */ = {isa = PBXBuildFile; fileRef = 0B9ED1CD2E39D21A006A7B7B /* ICloudService.swift */; };
		0B9ED1EC2E39D21A006A7B7B /* GroupRepository.swift in Sources */ = {isa = PBXBuildFile; fileRef = 0B9ED1CC2E39D21A006A7B7B /* GroupRepository.swift */; };
		0B9ED1ED2E39D21A006A7B7B /* SharedDataLoader.swift in Sources */ = {isa = PBXBuildFile; fileRef = 0B9ED1CF2E39D21A006A7B7B /* SharedDataLoader.swift */; };
		0B9ED1EE2E39D21A006A7B7B /* LocalGroupStorage.swift in Sources */ = {isa = PBXBuildFile; fileRef = 0B9ED1CE2E39D21A006A7B7B /* LocalGroupStorage.swift */; };
		0B9ED1EF2E39D21A006A7B7B /* SyncManager.swift in Sources */ = {isa = PBXBuildFile; fileRef = 0B9ED1D02E39D21A006A7B7B /* SyncManager.swift */; };
		0B9ED1F12E39D21A006A7B7B /* UserProfile.swift in Sources */ = {isa = PBXBuildFile; fileRef = 0B9ED1D42E39D21A006A7B7B /* UserProfile.swift */; };
		0BFD31582E3AF63400BA677C /* ContentView.swift in Sources */ = {isa = PBXBuildFile; fileRef = 0BFD31572E3AF63400BA677C /* ContentView.swift */; };
/* End PBXBuildFile section */

/* Begin PBXFileReference section */
		0B02C6352E3AEE0D00A672B6 /* CloudKit.framework */ = {isa = PBXFileReference; lastKnownFileType = wrapper.framework; name = CloudKit.framework; path = Platforms/iPhoneOS.platform/Developer/SDKs/iPhoneOS26.0.sdk/System/Library/Frameworks/CloudKit.framework; sourceTree = DEVELOPER_DIR; };
		0B02C63A2E3AEE3E00A672B6 /* CloudProvider.swift */ = {isa = PBXFileReference; lastKnownFileType = sourcecode.swift; path = CloudProvider.swift; sourceTree = "<group>"; };
		0B1819EF2E39D97000562B43 /* MacroApp.swift */ = {isa = PBXFileReference; lastKnownFileType = sourcecode.swift; path = MacroApp.swift; sourceTree = "<group>"; };
		0B5257A52E3A2E2900B30CCA /* Assets.xcassets */ = {isa = PBXFileReference; lastKnownFileType = folder.assetcatalog; path = Assets.xcassets; sourceTree = "<group>"; };
		0B7B3BFD2E3D7E470056A79C /* SupabaseService.swift */ = {isa = PBXFileReference; lastKnownFileType = sourcecode.swift; path = SupabaseService.swift; sourceTree = "<group>"; };
		0B7B3BFF2E3D7E6D0056A79C /* AlternativeStorageOptions.swift */ = {isa = PBXFileReference; lastKnownFileType = sourcecode.swift; path = AlternativeStorageOptions.swift; sourceTree = "<group>"; };
		0B7B3C002E3D7E6D0056A79C /* CloudNutrientHandler.swift */ = {isa = PBXFileReference; lastKnownFileType = sourcecode.swift; path = CloudNutrientHandler.swift; sourceTree = "<group>"; };
		0B7B3C012E3D7E6D0056A79C /* CloudNutrientService.swift */ = {isa = PBXFileReference; lastKnownFileType = sourcecode.swift; path = CloudNutrientService.swift; sourceTree = "<group>"; };
		0B7B3C022E3D7E6D0056A79C /* FoodAnalysisService.swift */ = {isa = PBXFileReference; lastKnownFileType = sourcecode.swift; path = FoodAnalysisService.swift; sourceTree = "<group>"; };
		0B7B3C032E3D7E6D0056A79C /* GitHubNutrientService.swift */ = {isa = PBXFileReference; lastKnownFileType = sourcecode.swift; path = GitHubNutrientService.swift; sourceTree = "<group>"; };
		0B7B3C042E3D7E6D0056A79C /* GitHubNutrientServiceTest.swift */ = {isa = PBXFileReference; lastKnownFileType = sourcecode.swift; path = GitHubNutrientServiceTest.swift; sourceTree = "<group>"; };
		0B7B3C052E3D7E6D0056A79C /* MacroServices.swift */ = {isa = PBXFileReference; lastKnownFileType = sourcecode.swift; path = MacroServices.swift; sourceTree = "<group>"; };
		0B7B3C062E3D7E6D0056A79C /* NutrientService.swift */ = {isa = PBXFileReference; lastKnownFileType = sourcecode.swift; path = NutrientService.swift; sourceTree = "<group>"; };
		0B7B3C072E3D7E6D0056A79C /* SimpleFoodAI.swift */ = {isa = PBXFileReference; lastKnownFileType = sourcecode.swift; path = SimpleFoodAI.swift; sourceTree = "<group>"; };
		0B7B3C122E3D7EA10056A79C /* LoginView.swift */ = {isa = PBXFileReference; lastKnownFileType = sourcecode.swift; path = LoginView.swift; sourceTree = "<group>"; };
		0B7B3C132E3D7EA10056A79C /* SessionStore.swift */ = {isa = PBXFileReference; lastKnownFileType = sourcecode.swift; path = SessionStore.swift; sourceTree = "<group>"; };
		0B7B3C152E3D7EA10056A79C /* AnimatedWelcomeLogo.swift */ = {isa = PBXFileReference; lastKnownFileType = sourcecode.swift; path = AnimatedWelcomeLogo.swift; sourceTree = "<group>"; };
		0B7B3C162E3D7EA10056A79C /* LoadingAnimations.swift */ = {isa = PBXFileReference; lastKnownFileType = sourcecode.swift; path = LoadingAnimations.swift; sourceTree = "<group>"; };
		0B7B3C172E3D7EA10056A79C /* NavigationBar.swift */ = {isa = PBXFileReference; lastKnownFileType = sourcecode.swift; path = NavigationBar.swift; sourceTree = "<group>"; };
		0B7B3C182E3D7EA10056A79C /* NutrientDatabaseDownloadView.swift */ = {isa = PBXFileReference; lastKnownFileType = sourcecode.swift; path = NutrientDatabaseDownloadView.swift; sourceTree = "<group>"; };
		0B7B3C192E3D7EA10056A79C /* StyledTextField.swift */ = {isa = PBXFileReference; lastKnownFileType = sourcecode.swift; path = StyledTextField.swift; sourceTree = "<group>"; };
		0B7B3C1A2E3D7EA10056A79C /* UniversalBackground.swift */ = {isa = PBXFileReference; lastKnownFileType = sourcecode.swift; path = UniversalBackground.swift; sourceTree = "<group>"; };
		0B7B3C1C2E3D7EA10056A79C /* FloatingInputBar.swift */ = {isa = PBXFileReference; lastKnownFileType = sourcecode.swift; path = FloatingInputBar.swift; sourceTree = "<group>"; };
		0B7B3C1D2E3D7EA10056A79C /* MainAppView.swift */ = {isa = PBXFileReference; lastKnownFileType = sourcecode.swift; path = MainAppView.swift; sourceTree = "<group>"; };
		0B7B3C1E2E3D7EA10056A79C /* MainAppView_Simple.swift */ = {isa = PBXFileReference; lastKnownFileType = sourcecode.swift; path = MainAppView_Simple.swift; sourceTree = "<group>"; };
		0B7B3C202E3D7EA10056A79C /* BMICalculatorView.swift */ = {isa = PBXFileReference; lastKnownFileType = sourcecode.swift; path = BMICalculatorView.swift; sourceTree = "<group>"; };
		0B7B3C212E3D7EA10056A79C /* OnboardingDemoView.swift */ = {isa = PBXFileReference; lastKnownFileType = sourcecode.swift; path = OnboardingDemoView.swift; sourceTree = "<group>"; };
		0B7B3C222E3D7EA10056A79C /* ProfileSetupView.swift */ = {isa = PBXFileReference; lastKnownFileType = sourcecode.swift; path = ProfileSetupView.swift; sourceTree = "<group>"; };
		0B7B3C232E3D7EA10056A79C /* WelcomeView.swift */ = {isa = PBXFileReference; lastKnownFileType = sourcecode.swift; path = WelcomeView.swift; sourceTree = "<group>"; };
		0B7B3C252E3D7EA10056A79C /* CloudStorageSettingsView.swift */ = {isa = PBXFileReference; lastKnownFileType = sourcecode.swift; path = CloudStorageSettingsView.swift; sourceTree = "<group>"; };
		0B7B3C262E3D7EA10056A79C /* SettingsMenu.swift */ = {isa = PBXFileReference; lastKnownFileType = sourcecode.swift; path = SettingsMenu.swift; sourceTree = "<group>"; };
		0B7B3C272E3D7EA10056A79C /* SettingsView.swift */ = {isa = PBXFileReference; lastKnownFileType = sourcecode.swift; path = SettingsView.swift; sourceTree = "<group>"; };
		0B7B3C3B2E3D81D70056A79C /* Macro.entitlements */ = {isa = PBXFileReference; lastKnownFileType = text.plist.entitlements; path = Macro.entitlements; sourceTree = "<group>"; };
		0B7C99B12E3AE81100C74B04 /* CloudKitProfileService.swift */ = {isa = PBXFileReference; lastKnownFileType = sourcecode.swift; path = CloudKitProfileService.swift; sourceTree = "<group>"; };
		0B7C99B22E3AE81100C74B04 /* CloudKitUserProfileRepository.swift */ = {isa = PBXFileReference; lastKnownFileType = sourcecode.swift; path = CloudKitUserProfileRepository.swift; sourceTree = "<group>"; };
		0B9ED1CC2E39D21A006A7B7B /* GroupRepository.swift */ = {isa = PBXFileReference; lastKnownFileType = sourcecode.swift; path = GroupRepository.swift; sourceTree = "<group>"; };
		0B9ED1CD2E39D21A006A7B7B /* ICloudService.swift */ = {isa = PBXFileReference; lastKnownFileType = sourcecode.swift; path = ICloudService.swift; sourceTree = "<group>"; };
		0B9ED1CE2E39D21A006A7B7B /* LocalGroupStorage.swift */ = {isa = PBXFileReference; lastKnownFileType = sourcecode.swift; path = LocalGroupStorage.swift; sourceTree = "<group>"; };
		0B9ED1CF2E39D21A006A7B7B /* SharedDataLoader.swift */ = {isa = PBXFileReference; lastKnownFileType = sourcecode.swift; path = SharedDataLoader.swift; sourceTree = "<group>"; };
		0B9ED1D02E39D21A006A7B7B /* SyncManager.swift */ = {isa = PBXFileReference; lastKnownFileType = sourcecode.swift; path = SyncManager.swift; sourceTree = "<group>"; };
		0B9ED1D12E39D21A006A7B7B /* UserProfileRepository.swift */ = {isa = PBXFileReference; lastKnownFileType = sourcecode.swift; path = UserProfileRepository.swift; sourceTree = "<group>"; };
		0B9ED1D32E39D21A006A7B7B /* Group.swift */ = {isa = PBXFileReference; lastKnownFileType = sourcecode.swift; path = Group.swift; sourceTree = "<group>"; };
		0B9ED1D42E39D21A006A7B7B /* UserProfile.swift */ = {isa = PBXFileReference; lastKnownFileType = sourcecode.swift; path = UserProfile.swift; sourceTree = "<group>"; };
		0BB9EF0E2E39BB1D00EDB4AA /* Info.plist */ = {isa = PBXFileReference; lastKnownFileType = text.plist.xml; path = Info.plist; sourceTree = "<group>"; };
		0BB9EF0F2E39BB1D00EDB4AA /* Macro.xcodeproj */ = {isa = PBXFileReference; lastKnownFileType = "wrapper.pb-project"; path = Macro.xcodeproj; sourceTree = "<group>"; };
		0BEE023E2E39ACF20085B9EA /* Macro.app */ = {isa = PBXFileReference; explicitFileType = wrapper.application; includeInIndex = 0; path = Macro.app; sourceTree = BUILT_PRODUCTS_DIR; };
		0BFD31572E3AF63400BA677C /* ContentView.swift */ = {isa = PBXFileReference; lastKnownFileType = sourcecode.swift; path = ContentView.swift; sourceTree = "<group>"; };
/* End PBXFileReference section */

/* Begin PBXFrameworksBuildPhase section */
		0BEE023B2E39ACF20085B9EA /* Frameworks */ = {
			isa = PBXFrameworksBuildPhase;
			buildActionMask = 2147483647;
			files = (
				0B02C6372E3AEE1200A672B6 /* CloudKit.framework in Frameworks */,
			);
			runOnlyForDeploymentPostprocessing = 0;
		};
/* End PBXFrameworksBuildPhase section */

/* Begin PBXGroup section */
		0B1819E62E39D88000562B43 /* Frameworks */ = {
			isa = PBXGroup;
			children = (
				0B02C6352E3AEE0D00A672B6 /* CloudKit.framework */,
			);
			name = Frameworks;
			sourceTree = "<group>";
		};
		0B7B3C082E3D7E6D0056A79C /* Services */ = {
			isa = PBXGroup;
			children = (
				0B7B3BFF2E3D7E6D0056A79C /* AlternativeStorageOptions.swift */,
				0B7B3C002E3D7E6D0056A79C /* CloudNutrientHandler.swift */,
				0B7B3C012E3D7E6D0056A79C /* CloudNutrientService.swift */,
				0B7B3C022E3D7E6D0056A79C /* FoodAnalysisService.swift */,
				0B7B3C032E3D7E6D0056A79C /* GitHubNutrientService.swift */,
				0B7B3C042E3D7E6D0056A79C /* GitHubNutrientServiceTest.swift */,
				0B7B3C052E3D7E6D0056A79C /* MacroServices.swift */,
				0B7B3C062E3D7E6D0056A79C /* NutrientService.swift */,
				0B7B3C072E3D7E6D0056A79C /* SimpleFoodAI.swift */,
			);
			path = Services;
			sourceTree = "<group>";
		};
		0B7B3C142E3D7EA10056A79C /* Authentication */ = {
			isa = PBXGroup;
			children = (
				0B7B3C122E3D7EA10056A79C /* LoginView.swift */,
				0B7B3C132E3D7EA10056A79C /* SessionStore.swift */,
			);
			path = Authentication;
			sourceTree = "<group>";
		};
		0B7B3C1B2E3D7EA10056A79C /* Components */ = {
			isa = PBXGroup;
			children = (
				0B7B3C152E3D7EA10056A79C /* AnimatedWelcomeLogo.swift */,
				0B7B3C162E3D7EA10056A79C /* LoadingAnimations.swift */,
				0B7B3C172E3D7EA10056A79C /* NavigationBar.swift */,
				0B7B3C182E3D7EA10056A79C /* NutrientDatabaseDownloadView.swift */,
				0B7B3C192E3D7EA10056A79C /* StyledTextField.swift */,
				0B7B3C1A2E3D7EA10056A79C /* UniversalBackground.swift */,
			);
			path = Components;
			sourceTree = "<group>";
		};
		0B7B3C1F2E3D7EA10056A79C /* MainApp */ = {
			isa = PBXGroup;
			children = (
				0B7B3C1C2E3D7EA10056A79C /* FloatingInputBar.swift */,
				0B7B3C1D2E3D7EA10056A79C /* MainAppView.swift */,
				0B7B3C1E2E3D7EA10056A79C /* MainAppView_Simple.swift */,
			);
			path = MainApp;
			sourceTree = "<group>";
		};
		0B7B3C242E3D7EA10056A79C /* Onboarding */ = {
			isa = PBXGroup;
			children = (
				0B7B3C202E3D7EA10056A79C /* BMICalculatorView.swift */,
				0B7B3C212E3D7EA10056A79C /* OnboardingDemoView.swift */,
				0B7B3C222E3D7EA10056A79C /* ProfileSetupView.swift */,
				0B7B3C232E3D7EA10056A79C /* WelcomeView.swift */,
			);
			path = Onboarding;
			sourceTree = "<group>";
		};
		0B7B3C282E3D7EA10056A79C /* Settings */ = {
			isa = PBXGroup;
			children = (
				0B7B3C252E3D7EA10056A79C /* CloudStorageSettingsView.swift */,
				0B7B3C262E3D7EA10056A79C /* SettingsMenu.swift */,
				0B7B3C272E3D7EA10056A79C /* SettingsView.swift */,
			);
			path = Settings;
			sourceTree = "<group>";
		};
		0B9ED1D22E39D21A006A7B7B /* Data */ = {
			isa = PBXGroup;
			children = (
				0B7B3C082E3D7E6D0056A79C /* Services */,
				0B7B3BFD2E3D7E470056A79C /* SupabaseService.swift */,
				0B7C99B12E3AE81100C74B04 /* CloudKitProfileService.swift */,
				0B7C99B22E3AE81100C74B04 /* CloudKitUserProfileRepository.swift */,
				0B9ED1CC2E39D21A006A7B7B /* GroupRepository.swift */,
				0B9ED1CD2E39D21A006A7B7B /* ICloudService.swift */,
				0B9ED1CE2E39D21A006A7B7B /* LocalGroupStorage.swift */,
				0B9ED1CF2E39D21A006A7B7B /* SharedDataLoader.swift */,
				0B9ED1D02E39D21A006A7B7B /* SyncManager.swift */,
				0B9ED1D12E39D21A006A7B7B /* UserProfileRepository.swift */,
			);
			path = Data;
			sourceTree = "<group>";
		};
		0B9ED1D52E39D21A006A7B7B /* Domain */ = {
			isa = PBXGroup;
			children = (
				0B02C63A2E3AEE3E00A672B6 /* CloudProvider.swift */,
				0B9ED1D32E39D21A006A7B7B /* Group.swift */,
				0B9ED1D42E39D21A006A7B7B /* UserProfile.swift */,
			);
			path = Domain;
			sourceTree = "<group>";
		};
		0B9ED1DF2E39D21A006A7B7B /* Presentation */ = {
			isa = PBXGroup;
			children = (
				0B7B3C142E3D7EA10056A79C /* Authentication */,
				0B7B3C1B2E3D7EA10056A79C /* Components */,
				0B7B3C1F2E3D7EA10056A79C /* MainApp */,
				0B7B3C242E3D7EA10056A79C /* Onboarding */,
				0B7B3C282E3D7EA10056A79C /* Settings */,
				0B1819EF2E39D97000562B43 /* MacroApp.swift */,
				0BFD31572E3AF63400BA677C /* ContentView.swift */,
			);
			path = Presentation;
			sourceTree = "<group>";
		};
		0BB9EF162E39BB1D00EDB4AA /* Products */ = {
			isa = PBXGroup;
			name = Products;
			sourceTree = "<group>";
		};
		0BEE02352E39ACF20085B9EA = {
			isa = PBXGroup;
			children = (
				0B7B3C3B2E3D81D70056A79C /* Macro.entitlements */,
				0B5257A52E3A2E2900B30CCA /* Assets.xcassets */,
				0B9ED1D22E39D21A006A7B7B /* Data */,
				0B9ED1D52E39D21A006A7B7B /* Domain */,
				0B9ED1DF2E39D21A006A7B7B /* Presentation */,
				0BB9EF0E2E39BB1D00EDB4AA /* Info.plist */,
				0BB9EF0F2E39BB1D00EDB4AA /* Macro.xcodeproj */,
				0B1819E62E39D88000562B43 /* Frameworks */,
				0BEE023F2E39ACF20085B9EA /* Products */,
			);
			sourceTree = "<group>";
		};
		0BEE023F2E39ACF20085B9EA /* Products */ = {
			isa = PBXGroup;
			children = (
				0BEE023E2E39ACF20085B9EA /* Macro.app */,
			);
			name = Products;
			sourceTree = "<group>";
		};
/* End PBXGroup section */

/* Begin PBXNativeTarget section */
		0BEE023D2E39ACF20085B9EA /* Macro */ = {
			isa = PBXNativeTarget;
			buildConfigurationList = 0BEE02492E39ACF40085B9EA /* Build configuration list for PBXNativeTarget "Macro" */;
			buildPhases = (
				0BEE023A2E39ACF20085B9EA /* Sources */,
				0BEE023B2E39ACF20085B9EA /* Frameworks */,
				0BEE023C2E39ACF20085B9EA /* Resources */,
			);
			buildRules = (
			);
			dependencies = (
			);
			name = Macro;
			packageProductDependencies = (
			);
			productName = Macro;
			productReference = 0BEE023E2E39ACF20085B9EA /* Macro.app */;
			productType = "com.apple.product-type.application";
		};
/* End PBXNativeTarget section */

/* Begin PBXProject section */
		0BEE02362E39ACF20085B9EA /* Project object */ = {
			isa = PBXProject;
			attributes = {
				BuildIndependentTargetsInParallel = 1;
				LastSwiftUpdateCheck = 2600;
				LastUpgradeCheck = 2600;
				TargetAttributes = {
					0BEE023D2E39ACF20085B9EA = {
						CreatedOnToolsVersion = 26.0;
					};
				};
			};
			buildConfigurationList = 0BEE02392E39ACF20085B9EA /* Build configuration list for PBXProject "Macro" */;
			developmentRegion = en;
			hasScannedForEncodings = 0;
			knownRegions = (
				en,
				Base,
			);
			mainGroup = 0BEE02352E39ACF20085B9EA;
			minimizedProjectReferenceProxies = 1;
			packageReferences = (
			);
			preferredProjectObjectVersion = 77;
			productRefGroup = 0BEE023F2E39ACF20085B9EA /* Products */;
			projectDirPath = "";
			projectReferences = (
				{
					ProductGroup = 0BB9EF162E39BB1D00EDB4AA /* Products */;
					ProjectRef = 0BB9EF0F2E39BB1D00EDB4AA /* Macro.xcodeproj */;
				},
			);
			projectRoot = "";
			targets = (
				0BEE023D2E39ACF20085B9EA /* Macro */,
			);
		};
/* End PBXProject section */

/* Begin PBXResourcesBuildPhase section */
		0BEE023C2E39ACF20085B9EA /* Resources */ = {
			isa = PBXResourcesBuildPhase;
			buildActionMask = 2147483647;
			files = (
				0B5257A62E3A2E2900B30CCA /* Assets.xcassets in Resources */,
			);
			runOnlyForDeploymentPostprocessing = 0;
		};
/* End PBXResourcesBuildPhase section */

/* Begin PBXSourcesBuildPhase section */
		0BEE023A2E39ACF20085B9EA /* Sources */ = {
			isa = PBXSourcesBuildPhase;
			buildActionMask = 2147483647;
			files = (
				0B9ED1E32E39D21A006A7B7B /* Group.swift in Sources */,
				0B9ED1E52E39D21A006A7B7B /* UserProfileRepository.swift in Sources */,
				0BFD31582E3AF63400BA677C /* ContentView.swift in Sources */,
				0B9ED1E62E39D21A006A7B7B /* ICloudService.swift in Sources */,
				0B1819F02E39D97000562B43 /* MacroApp.swift in Sources */,
				0B7C99B32E3AE81100C74B04 /* CloudKitProfileService.swift in Sources */,
				0B7C99B42E3AE81100C74B04 /* CloudKitUserProfileRepository.swift in Sources */,
				0B7B3C292E3D7EA10056A79C /* SessionStore.swift in Sources */,
				0B7B3C2A2E3D7EA10056A79C /* NavigationBar.swift in Sources */,
				0B7B3C2B2E3D7EA10056A79C /* NutrientDatabaseDownloadView.swift in Sources */,
				0B7B3C2C2E3D7EA10056A79C /* SettingsView.swift in Sources */,
				0B7B3C2D2E3D7EA10056A79C /* ProfileSetupView.swift in Sources */,
				0B7B3C2E2E3D7EA10056A79C /* WelcomeView.swift in Sources */,
				0B7B3C2F2E3D7EA10056A79C /* LoadingAnimations.swift in Sources */,
				0B7B3C302E3D7EA10056A79C /* LoginView.swift in Sources */,
				0B7B3C312E3D7EA10056A79C /* MainAppView.swift in Sources */,
				0B7B3C322E3D7EA10056A79C /* StyledTextField.swift in Sources */,
				0B7B3C332E3D7EA10056A79C /* FloatingInputBar.swift in Sources */,
				0B7B3C342E3D7EA10056A79C /* OnboardingDemoView.swift in Sources */,
				0B7B3C352E3D7EA10056A79C /* AnimatedWelcomeLogo.swift in Sources */,
				0B7B3C362E3D7EA10056A79C /* UniversalBackground.swift in Sources */,
				0B7B3C372E3D7EA10056A79C /* CloudStorageSettingsView.swift in Sources */,
				0B7B3C382E3D7EA10056A79C /* SettingsMenu.swift in Sources */,
				0B7B3C392E3D7EA10056A79C /* MainAppView_Simple.swift in Sources */,
				0B7B3C3A2E3D7EA10056A79C /* BMICalculatorView.swift in Sources */,
				0B02C63B2E3AEE3E00A672B6 /* CloudProvider.swift in Sources */,
				0B9ED1EC2E39D21A006A7B7B /* GroupRepository.swift in Sources */,
				0B9ED1ED2E39D21A006A7B7B /* SharedDataLoader.swift in Sources */,
				0B9ED1EE2E39D21A006A7B7B /* LocalGroupStorage.swift in Sources */,
				0B9ED1EF2E39D21A006A7B7B /* SyncManager.swift in Sources */,
				0B9ED1F12E39D21A006A7B7B /* UserProfile.swift in Sources */,
				0B7B3C092E3D7E6D0056A79C /* CloudNutrientHandler.swift in Sources */,
				0B7B3C0A2E3D7E6D0056A79C /* NutrientService.swift in Sources */,
				0B7B3C0B2E3D7E6D0056A79C /* GitHubNutrientService.swift in Sources */,
				0B7B3C0C2E3D7E6D0056A79C /* FoodAnalysisService.swift in Sources */,
				0B7B3C0D2E3D7E6D0056A79C /* MacroServices.swift in Sources */,
				0B7B3C0E2E3D7E6D0056A79C /* AlternativeStorageOptions.swift in Sources */,
				0B7B3C0F2E3D7E6D0056A79C /* SimpleFoodAI.swift in Sources */,
				0B7B3C102E3D7E6D0056A79C /* CloudNutrientService.swift in Sources */,
				0B7B3C112E3D7E6D0056A79C /* GitHubNutrientServiceTest.swift in Sources */,
				0B7B3BFE2E3D7E470056A79C /* SupabaseService.swift in Sources */,
			);
			runOnlyForDeploymentPostprocessing = 0;
		};
/* End PBXSourcesBuildPhase section */

/* Begin XCBuildConfiguration section */
		0BEE02472E39ACF40085B9EA /* Debug */ = {
			isa = XCBuildConfiguration;
			buildSettings = {
				ALLOW_TARGET_PLATFORM_SPECIALIZATION = YES;
				ALWAYS_SEARCH_USER_PATHS = NO;
				ASSETCATALOG_COMPILER_GENERATE_SWIFT_ASSET_SYMBOL_EXTENSIONS = YES;
				CLANG_ANALYZER_NONNULL = YES;
				CLANG_ANALYZER_NUMBER_OBJECT_CONVERSION = YES_AGGRESSIVE;
				CLANG_CXX_LANGUAGE_STANDARD = "gnu++20";
				CLANG_ENABLE_MODULES = YES;
				CLANG_ENABLE_OBJC_ARC = YES;
				CLANG_ENABLE_OBJC_WEAK = YES;
				CLANG_WARN_BLOCK_CAPTURE_AUTORELEASING = YES;
				CLANG_WARN_BOOL_CONVERSION = YES;
				CLANG_WARN_COMMA = YES;
				CLANG_WARN_CONSTANT_CONVERSION = YES;
				CLANG_WARN_DEPRECATED_OBJC_IMPLEMENTATIONS = YES;
				CLANG_WARN_DIRECT_OBJC_ISA_USAGE = YES_ERROR;
				CLANG_WARN_DOCUMENTATION_COMMENTS = YES;
				CLANG_WARN_EMPTY_BODY = YES;
				CLANG_WARN_ENUM_CONVERSION = YES;
				CLANG_WARN_INFINITE_RECURSION = YES;
				CLANG_WARN_INT_CONVERSION = YES;
				CLANG_WARN_NON_LITERAL_NULL_CONVERSION = YES;
				CLANG_WARN_OBJC_IMPLICIT_RETAIN_SELF = YES;
				CLANG_WARN_OBJC_LITERAL_CONVERSION = YES;
				CLANG_WARN_OBJC_ROOT_CLASS = YES_ERROR;
				CLANG_WARN_QUOTED_INCLUDE_IN_FRAMEWORK_HEADER = YES;
				CLANG_WARN_RANGE_LOOP_ANALYSIS = YES;
				CLANG_WARN_STRICT_PROTOTYPES = YES;
				CLANG_WARN_SUSPICIOUS_MOVE = YES;
				CLANG_WARN_UNGUARDED_AVAILABILITY = YES_AGGRESSIVE;
				CLANG_WARN_UNREACHABLE_CODE = YES;
				CLANG_WARN__DUPLICATE_METHOD_MATCH = YES;
				COPY_PHASE_STRIP = NO;
				DEBUG_INFORMATION_FORMAT = dwarf;
				DEVELOPMENT_TEAM = QPJ3G326WV;
				ENABLE_STRICT_OBJC_MSGSEND = YES;
				ENABLE_TESTABILITY = YES;
				ENABLE_USER_SCRIPT_SANDBOXING = YES;
				GCC_C_LANGUAGE_STANDARD = gnu17;
				GCC_DYNAMIC_NO_PIC = NO;
				GCC_NO_COMMON_BLOCKS = YES;
				GCC_OPTIMIZATION_LEVEL = 0;
				GCC_PREPROCESSOR_DEFINITIONS = (
					"DEBUG=1",
					"$(inherited)",
				);
				GCC_WARN_64_TO_32_BIT_CONVERSION = YES;
				GCC_WARN_ABOUT_RETURN_TYPE = YES_ERROR;
				GCC_WARN_UNDECLARED_SELECTOR = YES;
				GCC_WARN_UNINITIALIZED_AUTOS = YES_AGGRESSIVE;
				GCC_WARN_UNUSED_FUNCTION = YES;
				GCC_WARN_UNUSED_VARIABLE = YES;
				LOCALIZATION_PREFERS_STRING_CATALOGS = YES;
				MACOSX_DEPLOYMENT_TARGET = "";
				MTL_ENABLE_DEBUG_INFO = INCLUDE_SOURCE;
				MTL_FAST_MATH = YES;
				ONLY_ACTIVE_ARCH = YES;
				SUPPORTED_PLATFORMS = "xrsimulator xros watchsimulator watchos macosx iphonesimulator iphoneos driverkit appletvsimulator appletvos";
				SUPPORTS_MACCATALYST = YES;
				SWIFT_ACTIVE_COMPILATION_CONDITIONS = "DEBUG $(inherited)";
				SWIFT_OPTIMIZATION_LEVEL = "-Onone";
			};
			name = Debug;
		};
		0BEE02482E39ACF40085B9EA /* Release */ = {
			isa = XCBuildConfiguration;
			buildSettings = {
				ALLOW_TARGET_PLATFORM_SPECIALIZATION = YES;
				ALWAYS_SEARCH_USER_PATHS = NO;
				ASSETCATALOG_COMPILER_GENERATE_SWIFT_ASSET_SYMBOL_EXTENSIONS = YES;
				CLANG_ANALYZER_NONNULL = YES;
				CLANG_ANALYZER_NUMBER_OBJECT_CONVERSION = YES_AGGRESSIVE;
				CLANG_CXX_LANGUAGE_STANDARD = "gnu++20";
				CLANG_ENABLE_MODULES = YES;
				CLANG_ENABLE_OBJC_ARC = YES;
				CLANG_ENABLE_OBJC_WEAK = YES;
				CLANG_WARN_BLOCK_CAPTURE_AUTORELEASING = YES;
				CLANG_WARN_BOOL_CONVERSION = YES;
				CLANG_WARN_COMMA = YES;
				CLANG_WARN_CONSTANT_CONVERSION = YES;
				CLANG_WARN_DEPRECATED_OBJC_IMPLEMENTATIONS = YES;
				CLANG_WARN_DIRECT_OBJC_ISA_USAGE = YES_ERROR;
				CLANG_WARN_DOCUMENTATION_COMMENTS = YES;
				CLANG_WARN_EMPTY_BODY = YES;
				CLANG_WARN_ENUM_CONVERSION = YES;
				CLANG_WARN_INFINITE_RECURSION = YES;
				CLANG_WARN_INT_CONVERSION = YES;
				CLANG_WARN_NON_LITERAL_NULL_CONVERSION = YES;
				CLANG_WARN_OBJC_IMPLICIT_RETAIN_SELF = YES;
				CLANG_WARN_OBJC_LITERAL_CONVERSION = YES;
				CLANG_WARN_OBJC_ROOT_CLASS = YES_ERROR;
				CLANG_WARN_QUOTED_INCLUDE_IN_FRAMEWORK_HEADER = YES;
				CLANG_WARN_RANGE_LOOP_ANALYSIS = YES;
				CLANG_WARN_STRICT_PROTOTYPES = YES;
				CLANG_WARN_SUSPICIOUS_MOVE = YES;
				CLANG_WARN_UNGUARDED_AVAILABILITY = YES_AGGRESSIVE;
				CLANG_WARN_UNREACHABLE_CODE = YES;
				CLANG_WARN__DUPLICATE_METHOD_MATCH = YES;
				COPY_PHASE_STRIP = NO;
				DEBUG_INFORMATION_FORMAT = "dwarf-with-dsym";
				DEVELOPMENT_TEAM = QPJ3G326WV;
				ENABLE_NS_ASSERTIONS = NO;
				ENABLE_STRICT_OBJC_MSGSEND = YES;
				ENABLE_USER_SCRIPT_SANDBOXING = YES;
				GCC_C_LANGUAGE_STANDARD = gnu17;
				GCC_NO_COMMON_BLOCKS = YES;
				GCC_WARN_64_TO_32_BIT_CONVERSION = YES;
				GCC_WARN_ABOUT_RETURN_TYPE = YES_ERROR;
				GCC_WARN_UNDECLARED_SELECTOR = YES;
				GCC_WARN_UNINITIALIZED_AUTOS = YES_AGGRESSIVE;
				GCC_WARN_UNUSED_FUNCTION = YES;
				GCC_WARN_UNUSED_VARIABLE = YES;
				LOCALIZATION_PREFERS_STRING_CATALOGS = YES;
				MACOSX_DEPLOYMENT_TARGET = "";
				MTL_ENABLE_DEBUG_INFO = NO;
				MTL_FAST_MATH = YES;
				SUPPORTED_PLATFORMS = "xrsimulator xros watchsimulator watchos macosx iphonesimulator iphoneos driverkit appletvsimulator appletvos";
				SUPPORTS_MACCATALYST = YES;
				SWIFT_COMPILATION_MODE = wholemodule;
			};
			name = Release;
		};
		0BEE024A2E39ACF40085B9EA /* Debug */ = {
			isa = XCBuildConfiguration;
			buildSettings = {
				ASSETCATALOG_COMPILER_APPICON_NAME = AppIcon;
				ASSETCATALOG_COMPILER_GLOBAL_ACCENT_COLOR_NAME = AccentColor;
				CODE_SIGN_ENTITLEMENTS = Macro.entitlements;
				CODE_SIGN_STYLE = Automatic;
				CURRENT_PROJECT_VERSION = 1;
				DEVELOPMENT_TEAM = QPJ3G326WV;
				ENABLE_APP_SANDBOX = YES;
				ENABLE_HARDENED_RUNTIME = YES;
				ENABLE_PREVIEWS = YES;
				ENABLE_USER_SELECTED_FILES = readonly;
				GENERATE_INFOPLIST_FILE = NO;
				INFOPLIST_FILE = Info.plist;
				INFOPLIST_KEY_CFBundleDisplayName = Macro;
				INFOPLIST_KEY_LSApplicationCategoryType = "public.app-category.healthcare-fitness";
				"INFOPLIST_KEY_UIApplicationSceneManifest_Generation[sdk=iphoneos*]" = YES;
				"INFOPLIST_KEY_UIApplicationSceneManifest_Generation[sdk=iphonesimulator*]" = YES;
				"INFOPLIST_KEY_UIApplicationSupportsIndirectInputEvents[sdk=iphoneos*]" = YES;
				"INFOPLIST_KEY_UIApplicationSupportsIndirectInputEvents[sdk=iphonesimulator*]" = YES;
				"INFOPLIST_KEY_UILaunchScreen_Generation[sdk=iphoneos*]" = YES;
				"INFOPLIST_KEY_UILaunchScreen_Generation[sdk=iphonesimulator*]" = YES;
				"INFOPLIST_KEY_UIStatusBarStyle[sdk=iphoneos*]" = UIStatusBarStyleDefault;
				"INFOPLIST_KEY_UIStatusBarStyle[sdk=iphonesimulator*]" = UIStatusBarStyleDefault;
				INFOPLIST_KEY_UISupportedInterfaceOrientations = UIInterfaceOrientationPortrait;
				INFOPLIST_KEY_UISupportedInterfaceOrientations_iPad = "UIInterfaceOrientationLandscapeLeft UIInterfaceOrientationLandscapeRight UIInterfaceOrientationPortrait UIInterfaceOrientationPortraitUpsideDown";
				IPHONEOS_DEPLOYMENT_TARGET = 18.0;
				LD_RUNPATH_SEARCH_PATHS = "@executable_path/Frameworks";
				"LD_RUNPATH_SEARCH_PATHS[sdk=macosx*]" = "@executable_path/../Frameworks";
				MACOSX_DEPLOYMENT_TARGET = "";
				MARKETING_VERSION = 1.0;
				PRODUCT_BUNDLE_IDENTIFIER = com.LumoraLabs.Macro;
				PRODUCT_NAME = "$(TARGET_NAME)";
				REGISTER_APP_GROUPS = YES;
				SDKROOT = auto;
				STRING_CATALOG_GENERATE_SYMBOLS = YES;
				SUPPORTED_PLATFORMS = "iphoneos iphonesimulator";
				SUPPORTS_MACCATALYST = NO;
				SWIFT_APPROACHABLE_CONCURRENCY = YES;
				SWIFT_DEFAULT_ACTOR_ISOLATION = MainActor;
				SWIFT_EMIT_LOC_STRINGS = YES;
				SWIFT_UPCOMING_FEATURE_MEMBER_IMPORT_VISIBILITY = YES;
				SWIFT_VERSION = 5.0;
				TARGETED_DEVICE_FAMILY = 1;
				TVOS_DEPLOYMENT_TARGET = "";
				XROS_DEPLOYMENT_TARGET = "";
			};
			name = Debug;
		};
		0BEE024B2E39ACF40085B9EA /* Release */ = {
			isa = XCBuildConfiguration;
			buildSettings = {
				ASSETCATALOG_COMPILER_APPICON_NAME = AppIcon;
				ASSETCATALOG_COMPILER_GLOBAL_ACCENT_COLOR_NAME = AccentColor;
				CODE_SIGN_ENTITLEMENTS = Macro.entitlements;
				CODE_SIGN_STYLE = Automatic;
				CURRENT_PROJECT_VERSION = 1;
				DEVELOPMENT_TEAM = QPJ3G326WV;
				ENABLE_APP_SANDBOX = YES;
				ENABLE_HARDENED_RUNTIME = YES;
				ENABLE_PREVIEWS = YES;
				ENABLE_USER_SELECTED_FILES = readonly;
				GENERATE_INFOPLIST_FILE = NO;
				INFOPLIST_FILE = Info.plist;
				INFOPLIST_KEY_CFBundleDisplayName = Macro;
				INFOPLIST_KEY_LSApplicationCategoryType = "public.app-category.healthcare-fitness";
				"INFOPLIST_KEY_UIApplicationSceneManifest_Generation[sdk=iphoneos*]" = YES;
				"INFOPLIST_KEY_UIApplicationSceneManifest_Generation[sdk=iphonesimulator*]" = YES;
				"INFOPLIST_KEY_UIApplicationSupportsIndirectInputEvents[sdk=iphoneos*]" = YES;
				"INFOPLIST_KEY_UIApplicationSupportsIndirectInputEvents[sdk=iphonesimulator*]" = YES;
				"INFOPLIST_KEY_UILaunchScreen_Generation[sdk=iphoneos*]" = YES;
				"INFOPLIST_KEY_UILaunchScreen_Generation[sdk=iphonesimulator*]" = YES;
				"INFOPLIST_KEY_UIStatusBarStyle[sdk=iphoneos*]" = UIStatusBarStyleDefault;
				"INFOPLIST_KEY_UIStatusBarStyle[sdk=iphonesimulator*]" = UIStatusBarStyleDefault;
				INFOPLIST_KEY_UISupportedInterfaceOrientations = UIInterfaceOrientationPortrait;
				INFOPLIST_KEY_UISupportedInterfaceOrientations_iPad = "UIInterfaceOrientationLandscapeLeft UIInterfaceOrientationLandscapeRight UIInterfaceOrientationPortrait UIInterfaceOrientationPortraitUpsideDown";
				IPHONEOS_DEPLOYMENT_TARGET = 18.0;
				LD_RUNPATH_SEARCH_PATHS = "@executable_path/Frameworks";
				"LD_RUNPATH_SEARCH_PATHS[sdk=macosx*]" = "@executable_path/../Frameworks";
				MACOSX_DEPLOYMENT_TARGET = "";
				MARKETING_VERSION = 1.0;
				PRODUCT_BUNDLE_IDENTIFIER = com.LumoraLabs.Macro;
				PRODUCT_NAME = "$(TARGET_NAME)";
				REGISTER_APP_GROUPS = YES;
				SDKROOT = auto;
				STRING_CATALOG_GENERATE_SYMBOLS = YES;
				SUPPORTED_PLATFORMS = "iphoneos iphonesimulator";
				SUPPORTS_MACCATALYST = NO;
				SWIFT_APPROACHABLE_CONCURRENCY = YES;
				SWIFT_DEFAULT_ACTOR_ISOLATION = MainActor;
				SWIFT_EMIT_LOC_STRINGS = YES;
				SWIFT_UPCOMING_FEATURE_MEMBER_IMPORT_VISIBILITY = YES;
				SWIFT_VERSION = 5.0;
				TARGETED_DEVICE_FAMILY = 1;
				TVOS_DEPLOYMENT_TARGET = "";
				XROS_DEPLOYMENT_TARGET = "";
			};
			name = Release;
		};
/* End XCBuildConfiguration section */

/* Begin XCConfigurationList section */
		0BEE02392E39ACF20085B9EA /* Build configuration list for PBXProject "Macro" */ = {
			isa = XCConfigurationList;
			buildConfigurations = (
				0BEE02472E39ACF40085B9EA /* Debug */,
				0BEE02482E39ACF40085B9EA /* Release */,
			);
			defaultConfigurationIsVisible = 0;
			defaultConfigurationName = Release;
		};
		0BEE02492E39ACF40085B9EA /* Build configuration list for PBXNativeTarget "Macro" */ = {
			isa = XCConfigurationList;
			buildConfigurations = (
				0BEE024A2E39ACF40085B9EA /* Debug */,
				0BEE024B2E39ACF40085B9EA /* Release */,
			);
			defaultConfigurationIsVisible = 0;
			defaultConfigurationName = Release;
		};
/* End XCConfigurationList section */
	};
	rootObject = 0BEE02362E39ACF20085B9EA /* Project object */;
}
