// !$*UTF8*$!
{
	archiveVersion = 1;
	classes = {
	};
	objectVersion = 77;
	objects = {

/* Begin PBXBuildFile section */
		0B02C6372E3AEE1200A672B6 /* CloudKit.framework in Frameworks */ = {isa = PBXBuildFile; fileRef = 0B02C6352E3AEE0D00A672B6 /* CloudKit.framework */; };
		0B1580132E3EF3F900D74A8D /* AuthManager.swift in Sources */ = {isa = PBXBuildFile; fileRef = 0B1580122E3EF3F900D74A8D /* AuthManager.swift */; };
		0B1580162E3EF7F400D74A8D /* GoogleSignIn in Frameworks */ = {isa = PBXBuildFile; productRef = 0B1580152E3EF7F400D74A8D /* GoogleSignIn */; };
		0B1580182E3EF7F400D74A8D /* GoogleSignInSwift in Frameworks */ = {isa = PBXBuildFile; productRef = 0B1580172E3EF7F400D74A8D /* GoogleSignInSwift */; };
		0B15801A2E3EF97400D74A8D /* GoogleSignInManager.swift in Sources */ = {isa = PBXBuildFile; fileRef = 0B1580192E3EF97400D74A8D /* GoogleSignInManager.swift */; };
		0B15801C2E3F005D00D74A8D /* OnboardingView.swift in Sources */ = {isa = PBXBuildFile; fileRef = 0B15801B2E3F005D00D74A8D /* OnboardingView.swift */; };
		0B3CB4562E3E28B400CA3A71 /* MacroServices.swift in Sources */ = {isa = PBXBuildFile; fileRef = 0B3CB42C2E3E28B400CA3A71 /* MacroServices.swift */; };
		0B3CB4572E3E28B400CA3A71 /* ContentView.swift in Sources */ = {isa = PBXBuildFile; fileRef = 0B3CB4522E3E28B400CA3A71 /* ContentView.swift */; };
		0B3CB4582E3E28B400CA3A71 /* StyledTextField.swift in Sources */ = {isa = PBXBuildFile; fileRef = 0B3CB4482E3E28B400CA3A71 /* StyledTextField.swift */; };
		0B3CB4592E3E28B400CA3A71 /* SettingsView.swift in Sources */ = {isa = PBXBuildFile; fileRef = 0B3CB4502E3E28B400CA3A71 /* SettingsView.swift */; };
		0B3CB45A2E3E28B400CA3A71 /* SimpleFoodAI.swift in Sources */ = {isa = PBXBuildFile; fileRef = 0B3CB42E2E3E28B400CA3A71 /* SimpleFoodAI.swift */; };
		0B3CB45B2E3E28B400CA3A71 /* AlternativeStorageOptions.swift in Sources */ = {isa = PBXBuildFile; fileRef = 0B3CB4282E3E28B400CA3A71 /* AlternativeStorageOptions.swift */; };
		0B3CB45C2E3E28B400CA3A71 /* SharedDataLoader.swift in Sources */ = {isa = PBXBuildFile; fileRef = 0B3CB4332E3E28B400CA3A71 /* SharedDataLoader.swift */; };
		0B3CB45D2E3E28B400CA3A71 /* ICloudService.swift in Sources */ = {isa = PBXBuildFile; fileRef = 0B3CB4262E3E28B400CA3A71 /* ICloudService.swift */; };
		0B3CB45E2E3E28B400CA3A71 /* NutrientDatabaseDownloadView.swift in Sources */ = {isa = PBXBuildFile; fileRef = 0B3CB4472E3E28B400CA3A71 /* NutrientDatabaseDownloadView.swift */; };
		0B3CB45F2E3E28B400CA3A71 /* SettingsMenu.swift in Sources */ = {isa = PBXBuildFile; fileRef = 0B3CB44F2E3E28B400CA3A71 /* SettingsMenu.swift */; };
		0B3CB4602E3E28B400CA3A71 /* ProfileSetupView.swift in Sources */ = {isa = PBXBuildFile; fileRef = 0B3CB4412E3E28B400CA3A71 /* ProfileSetupView.swift */; };
		0B3CB4612E3E28B400CA3A71 /* OnboardingDemoView.swift in Sources */ = {isa = PBXBuildFile; fileRef = 0B3CB4402E3E28B400CA3A71 /* OnboardingDemoView.swift */; };
		0B3CB4622E3E28B400CA3A71 /* LocalGroupStorage.swift in Sources */ = {isa = PBXBuildFile; fileRef = 0B3CB4312E3E28B400CA3A71 /* LocalGroupStorage.swift */; };
		0B3CB4632E3E28B400CA3A71 /* UniversalBackground.swift in Sources */ = {isa = PBXBuildFile; fileRef = 0B3CB4492E3E28B400CA3A71 /* UniversalBackground.swift */; };
		0B3CB4642E3E28B400CA3A71 /* iCloudDocumentService.swift in Sources */ = {isa = PBXBuildFile; fileRef = 0B3CB4252E3E28B400CA3A71 /* iCloudDocumentService.swift */; };
		0B3CB4652E3E28B400CA3A71 /* SupabaseManager.swift in Sources */ = {isa = PBXBuildFile; fileRef = 0B3CB4352E3E28B400CA3A71 /* SupabaseManager.swift */; };
		0B3CB4662E3E28B400CA3A71 /* CloudProvider.swift in Sources */ = {isa = PBXBuildFile; fileRef = 0B3CB4392E3E28B400CA3A71 /* CloudProvider.swift */; };
		0B3CB4672E3E28B400CA3A71 /* Models.swift in Sources */ = {isa = PBXBuildFile; fileRef = 0B3CB4322E3E28B400CA3A71 /* Models.swift */; };
		0B3CB4682E3E28B400CA3A71 /* UserProfile.swift in Sources */ = {isa = PBXBuildFile; fileRef = 0B3CB43D2E3E28B400CA3A71 /* UserProfile.swift */; };
		0B3CB4692E3E28B400CA3A71 /* CloudKitAuthenticationService.swift in Sources */ = {isa = PBXBuildFile; fileRef = 0B3CB4212E3E28B400CA3A71 /* CloudKitAuthenticationService.swift */; };
		0B3CB46A2E3E28B400CA3A71 /* GitHubNutrientService.swift in Sources */ = {isa = PBXBuildFile; fileRef = 0B3CB42B2E3E28B400CA3A71 /* GitHubNutrientService.swift */; };
		0B3CB46B2E3E28B400CA3A71 /* SyncManager.swift in Sources */ = {isa = PBXBuildFile; fileRef = 0B3CB4362E3E28B400CA3A71 /* SyncManager.swift */; };
		0B3CB46C2E3E28B400CA3A71 /* CloudKitUserProfileRepository.swift in Sources */ = {isa = PBXBuildFile; fileRef = 0B3CB4242E3E28B400CA3A71 /* CloudKitUserProfileRepository.swift */; };
		0B3CB46E2E3E28B400CA3A71 /* CloudKitAuthService.swift in Sources */ = {isa = PBXBuildFile; fileRef = 0B3CB4222E3E28B400CA3A71 /* CloudKitAuthService.swift */; };
		0B3CB46F2E3E28B400CA3A71 /* MacroApp.swift in Sources */ = {isa = PBXBuildFile; fileRef = 0B3CB4532E3E28B400CA3A71 /* MacroApp.swift */; };
		0B3CB4702E3E28B400CA3A71 /* TestTypes.swift in Sources */ = {isa = PBXBuildFile; fileRef = 0B3CB43C2E3E28B400CA3A71 /* TestTypes.swift */; };
		0B3CB4712E3E28B400CA3A71 /* CloudKitProfileService.swift in Sources */ = {isa = PBXBuildFile; fileRef = 0B3CB4232E3E28B400CA3A71 /* CloudKitProfileService.swift */; };
		0B3CB4722E3E28B400CA3A71 /* NavigationBar.swift in Sources */ = {isa = PBXBuildFile; fileRef = 0B3CB4462E3E28B400CA3A71 /* NavigationBar.swift */; };
		0B3CB4732E3E28B400CA3A71 /* NutritionData.swift in Sources */ = {isa = PBXBuildFile; fileRef = 0B3CB43B2E3E28B400CA3A71 /* NutritionData.swift */; };
		0B3CB4742E3E28B400CA3A71 /* NutrientService.swift in Sources */ = {isa = PBXBuildFile; fileRef = 0B3CB42D2E3E28B400CA3A71 /* NutrientService.swift */; };
		0B3CB4752E3E28B400CA3A71 /* GroupRepository.swift in Sources */ = {isa = PBXBuildFile; fileRef = 0B3CB4302E3E28B400CA3A71 /* GroupRepository.swift */; };
		0B3CB4762E3E28B400CA3A71 /* CloudStorageSettingsView.swift in Sources */ = {isa = PBXBuildFile; fileRef = 0B3CB44E2E3E28B400CA3A71 /* CloudStorageSettingsView.swift */; };
		0B3CB4782E3E28B400CA3A71 /* LoadingAnimations.swift in Sources */ = {isa = PBXBuildFile; fileRef = 0B3CB4452E3E28B400CA3A71 /* LoadingAnimations.swift */; };
		0B3CB4792E3E28B400CA3A71 /* FloatingInputBar.swift in Sources */ = {isa = PBXBuildFile; fileRef = 0B3CB44B2E3E28B400CA3A71 /* FloatingInputBar.swift */; };
		0B3CB47A2E3E28B400CA3A71 /* Group.swift in Sources */ = {isa = PBXBuildFile; fileRef = 0B3CB43A2E3E28B400CA3A71 /* Group.swift */; };
		0B3CB47B2E3E28B400CA3A71 /* CloudNutrientService.swift in Sources */ = {isa = PBXBuildFile; fileRef = 0B3CB4292E3E28B400CA3A71 /* CloudNutrientService.swift */; };
		0B3CB47C2E3E28B400CA3A71 /* LoginView.swift in Sources */ = {isa = PBXBuildFile; fileRef = 0B3CB41E2E3E28B400CA3A71 /* LoginView.swift */; };
		0B3CB47D2E3E28B400CA3A71 /* UserProfileRepository.swift in Sources */ = {isa = PBXBuildFile; fileRef = 0B3CB4372E3E28B400CA3A71 /* UserProfileRepository.swift */; };
		0B3CB47E2E3E28B400CA3A71 /* MainAppView.swift in Sources */ = {isa = PBXBuildFile; fileRef = 0B3CB44C2E3E28B400CA3A71 /* MainAppView.swift */; };
		0B3CB47F2E3E28B400CA3A71 /* WelcomeView.swift in Sources */ = {isa = PBXBuildFile; fileRef = 0B3CB4422E3E28B400CA3A71 /* WelcomeView.swift */; };
		0B3CB4802E3E28B400CA3A71 /* AnimatedWelcomeLogo.swift in Sources */ = {isa = PBXBuildFile; fileRef = 0B3CB4442E3E28B400CA3A71 /* AnimatedWelcomeLogo.swift */; };
		0B3CB4812E3E28B400CA3A71 /* FoodAnalysisService.swift in Sources */ = {isa = PBXBuildFile; fileRef = 0B3CB42A2E3E28B400CA3A71 /* FoodAnalysisService.swift */; };
		0B3CB4832E3E2AB600CA3A71 /* AppleSignInManager.swift in Sources */ = {isa = PBXBuildFile; fileRef = 0B3CB4822E3E2AB600CA3A71 /* AppleSignInManager.swift */; };
		0B5257A62E3A2E2900B30CCA /* Assets.xcassets in Resources */ = {isa = PBXBuildFile; fileRef = 0B5257A52E3A2E2900B30CCA /* Assets.xcassets */; };
		0B7B3CC82E3D954A0056A79C /* Auth in Frameworks */ = {isa = PBXBuildFile; productRef = 0B7B3CC72E3D954A0056A79C /* Auth */; };
		0B7B3CCA2E3D954A0056A79C /* Functions in Frameworks */ = {isa = PBXBuildFile; productRef = 0B7B3CC92E3D954A0056A79C /* Functions */; };
		0B7B3CCC2E3D954A0056A79C /* PostgREST in Frameworks */ = {isa = PBXBuildFile; productRef = 0B7B3CCB2E3D954A0056A79C /* PostgREST */; };
		0B7B3CCE2E3D954A0056A79C /* Realtime in Frameworks */ = {isa = PBXBuildFile; productRef = 0B7B3CCD2E3D954A0056A79C /* Realtime */; };
		0B7B3CD02E3D954A0056A79C /* Storage in Frameworks */ = {isa = PBXBuildFile; productRef = 0B7B3CCF2E3D954A0056A79C /* Storage */; };
		0B7B3CD22E3D954A0056A79C /* Supabase in Frameworks */ = {isa = PBXBuildFile; productRef = 0B7B3CD12E3D954A0056A79C /* Supabase */; };
		0BF08C552E3F382600B31C7C /* GoalsSetupView.swift in Sources */ = {isa = PBXBuildFile; fileRef = 0BF08C542E3F382600B31C7C /* GoalsSetupView.swift */; };
/* End PBXBuildFile section */

/* Begin PBXFileReference section */
		0B02C6352E3AEE0D00A672B6 /* CloudKit.framework */ = {isa = PBXFileReference; lastKnownFileType = wrapper.framework; name = CloudKit.framework; path = Platforms/iPhoneOS.platform/Developer/SDKs/iPhoneOS26.0.sdk/System/Library/Frameworks/CloudKit.framework; sourceTree = DEVELOPER_DIR; };
		0B1580122E3EF3F900D74A8D /* AuthManager.swift */ = {isa = PBXFileReference; lastKnownFileType = sourcecode.swift; path = AuthManager.swift; sourceTree = "<group>"; };
		0B1580192E3EF97400D74A8D /* GoogleSignInManager.swift */ = {isa = PBXFileReference; lastKnownFileType = sourcecode.swift; path = GoogleSignInManager.swift; sourceTree = "<group>"; };
		0B15801B2E3F005D00D74A8D /* OnboardingView.swift */ = {isa = PBXFileReference; lastKnownFileType = sourcecode.swift; path = OnboardingView.swift; sourceTree = "<group>"; };
		0B3CB41E2E3E28B400CA3A71 /* LoginView.swift */ = {isa = PBXFileReference; lastKnownFileType = sourcecode.swift; path = LoginView.swift; sourceTree = "<group>"; };
		0B3CB4212E3E28B400CA3A71 /* CloudKitAuthenticationService.swift */ = {isa = PBXFileReference; lastKnownFileType = sourcecode.swift; path = CloudKitAuthenticationService.swift; sourceTree = "<group>"; };
		0B3CB4222E3E28B400CA3A71 /* CloudKitAuthService.swift */ = {isa = PBXFileReference; lastKnownFileType = sourcecode.swift; path = CloudKitAuthService.swift; sourceTree = "<group>"; };
		0B3CB4232E3E28B400CA3A71 /* CloudKitProfileService.swift */ = {isa = PBXFileReference; lastKnownFileType = sourcecode.swift; path = CloudKitProfileService.swift; sourceTree = "<group>"; };
		0B3CB4242E3E28B400CA3A71 /* CloudKitUserProfileRepository.swift */ = {isa = PBXFileReference; lastKnownFileType = sourcecode.swift; path = CloudKitUserProfileRepository.swift; sourceTree = "<group>"; };
		0B3CB4252E3E28B400CA3A71 /* iCloudDocumentService.swift */ = {isa = PBXFileReference; lastKnownFileType = sourcecode.swift; path = iCloudDocumentService.swift; sourceTree = "<group>"; };
		0B3CB4262E3E28B400CA3A71 /* ICloudService.swift */ = {isa = PBXFileReference; lastKnownFileType = sourcecode.swift; path = ICloudService.swift; sourceTree = "<group>"; };
		0B3CB4282E3E28B400CA3A71 /* AlternativeStorageOptions.swift */ = {isa = PBXFileReference; lastKnownFileType = sourcecode.swift; path = AlternativeStorageOptions.swift; sourceTree = "<group>"; };
		0B3CB4292E3E28B400CA3A71 /* CloudNutrientService.swift */ = {isa = PBXFileReference; lastKnownFileType = sourcecode.swift; path = CloudNutrientService.swift; sourceTree = "<group>"; };
		0B3CB42A2E3E28B400CA3A71 /* FoodAnalysisService.swift */ = {isa = PBXFileReference; lastKnownFileType = sourcecode.swift; path = FoodAnalysisService.swift; sourceTree = "<group>"; };
		0B3CB42B2E3E28B400CA3A71 /* GitHubNutrientService.swift */ = {isa = PBXFileReference; lastKnownFileType = sourcecode.swift; path = GitHubNutrientService.swift; sourceTree = "<group>"; };
		0B3CB42C2E3E28B400CA3A71 /* MacroServices.swift */ = {isa = PBXFileReference; lastKnownFileType = sourcecode.swift; path = MacroServices.swift; sourceTree = "<group>"; };
		0B3CB42D2E3E28B400CA3A71 /* NutrientService.swift */ = {isa = PBXFileReference; lastKnownFileType = sourcecode.swift; path = NutrientService.swift; sourceTree = "<group>"; };
		0B3CB42E2E3E28B400CA3A71 /* SimpleFoodAI.swift */ = {isa = PBXFileReference; lastKnownFileType = sourcecode.swift; path = SimpleFoodAI.swift; sourceTree = "<group>"; };
		0B3CB4302E3E28B400CA3A71 /* GroupRepository.swift */ = {isa = PBXFileReference; lastKnownFileType = sourcecode.swift; path = GroupRepository.swift; sourceTree = "<group>"; };
		0B3CB4312E3E28B400CA3A71 /* LocalGroupStorage.swift */ = {isa = PBXFileReference; lastKnownFileType = sourcecode.swift; path = LocalGroupStorage.swift; sourceTree = "<group>"; };
		0B3CB4322E3E28B400CA3A71 /* Models.swift */ = {isa = PBXFileReference; lastKnownFileType = sourcecode.swift; path = Models.swift; sourceTree = "<group>"; };
		0B3CB4332E3E28B400CA3A71 /* SharedDataLoader.swift */ = {isa = PBXFileReference; lastKnownFileType = sourcecode.swift; path = SharedDataLoader.swift; sourceTree = "<group>"; };
		0B3CB4352E3E28B400CA3A71 /* SupabaseManager.swift */ = {isa = PBXFileReference; lastKnownFileType = sourcecode.swift; path = SupabaseManager.swift; sourceTree = "<group>"; };
		0B3CB4362E3E28B400CA3A71 /* SyncManager.swift */ = {isa = PBXFileReference; lastKnownFileType = sourcecode.swift; path = SyncManager.swift; sourceTree = "<group>"; };
		0B3CB4372E3E28B400CA3A71 /* UserProfileRepository.swift */ = {isa = PBXFileReference; lastKnownFileType = sourcecode.swift; path = UserProfileRepository.swift; sourceTree = "<group>"; };
		0B3CB4392E3E28B400CA3A71 /* CloudProvider.swift */ = {isa = PBXFileReference; lastKnownFileType = sourcecode.swift; path = CloudProvider.swift; sourceTree = "<group>"; };
		0B3CB43A2E3E28B400CA3A71 /* Group.swift */ = {isa = PBXFileReference; lastKnownFileType = sourcecode.swift; path = Group.swift; sourceTree = "<group>"; };
		0B3CB43B2E3E28B400CA3A71 /* NutritionData.swift */ = {isa = PBXFileReference; lastKnownFileType = sourcecode.swift; path = NutritionData.swift; sourceTree = "<group>"; };
		0B3CB43C2E3E28B400CA3A71 /* TestTypes.swift */ = {isa = PBXFileReference; lastKnownFileType = sourcecode.swift; path = TestTypes.swift; sourceTree = "<group>"; };
		0B3CB43D2E3E28B400CA3A71 /* UserProfile.swift */ = {isa = PBXFileReference; lastKnownFileType = sourcecode.swift; path = UserProfile.swift; sourceTree = "<group>"; };
		0B3CB4402E3E28B400CA3A71 /* OnboardingDemoView.swift */ = {isa = PBXFileReference; lastKnownFileType = sourcecode.swift; path = OnboardingDemoView.swift; sourceTree = "<group>"; };
		0B3CB4412E3E28B400CA3A71 /* ProfileSetupView.swift */ = {isa = PBXFileReference; lastKnownFileType = sourcecode.swift; path = ProfileSetupView.swift; sourceTree = "<group>"; };
		0B3CB4422E3E28B400CA3A71 /* WelcomeView.swift */ = {isa = PBXFileReference; lastKnownFileType = sourcecode.swift; path = WelcomeView.swift; sourceTree = "<group>"; };
		0B3CB4442E3E28B400CA3A71 /* AnimatedWelcomeLogo.swift */ = {isa = PBXFileReference; lastKnownFileType = sourcecode.swift; path = AnimatedWelcomeLogo.swift; sourceTree = "<group>"; };
		0B3CB4452E3E28B400CA3A71 /* LoadingAnimations.swift */ = {isa = PBXFileReference; lastKnownFileType = sourcecode.swift; path = LoadingAnimations.swift; sourceTree = "<group>"; };
		0B3CB4462E3E28B400CA3A71 /* NavigationBar.swift */ = {isa = PBXFileReference; lastKnownFileType = sourcecode.swift; path = NavigationBar.swift; sourceTree = "<group>"; };
		0B3CB4472E3E28B400CA3A71 /* NutrientDatabaseDownloadView.swift */ = {isa = PBXFileReference; lastKnownFileType = sourcecode.swift; path = NutrientDatabaseDownloadView.swift; sourceTree = "<group>"; };
		0B3CB4482E3E28B400CA3A71 /* StyledTextField.swift */ = {isa = PBXFileReference; lastKnownFileType = sourcecode.swift; path = StyledTextField.swift; sourceTree = "<group>"; };
		0B3CB4492E3E28B400CA3A71 /* UniversalBackground.swift */ = {isa = PBXFileReference; lastKnownFileType = sourcecode.swift; path = UniversalBackground.swift; sourceTree = "<group>"; };
		0B3CB44B2E3E28B400CA3A71 /* FloatingInputBar.swift */ = {isa = PBXFileReference; lastKnownFileType = sourcecode.swift; path = FloatingInputBar.swift; sourceTree = "<group>"; };
		0B3CB44C2E3E28B400CA3A71 /* MainAppView.swift */ = {isa = PBXFileReference; lastKnownFileType = sourcecode.swift; path = MainAppView.swift; sourceTree = "<group>"; };
		0B3CB44E2E3E28B400CA3A71 /* CloudStorageSettingsView.swift */ = {isa = PBXFileReference; lastKnownFileType = sourcecode.swift; path = CloudStorageSettingsView.swift; sourceTree = "<group>"; };
		0B3CB44F2E3E28B400CA3A71 /* SettingsMenu.swift */ = {isa = PBXFileReference; lastKnownFileType = sourcecode.swift; path = SettingsMenu.swift; sourceTree = "<group>"; };
		0B3CB4502E3E28B400CA3A71 /* SettingsView.swift */ = {isa = PBXFileReference; lastKnownFileType = sourcecode.swift; path = SettingsView.swift; sourceTree = "<group>"; };
		0B3CB4522E3E28B400CA3A71 /* ContentView.swift */ = {isa = PBXFileReference; lastKnownFileType = sourcecode.swift; path = ContentView.swift; sourceTree = "<group>"; };
		0B3CB4532E3E28B400CA3A71 /* MacroApp.swift */ = {isa = PBXFileReference; lastKnownFileType = sourcecode.swift; path = MacroApp.swift; sourceTree = "<group>"; };
		0B3CB4822E3E2AB600CA3A71 /* AppleSignInManager.swift */ = {isa = PBXFileReference; lastKnownFileType = sourcecode.swift; path = AppleSignInManager.swift; sourceTree = "<group>"; };
		0B5257A52E3A2E2900B30CCA /* Assets.xcassets */ = {isa = PBXFileReference; lastKnownFileType = folder.assetcatalog; path = Assets.xcassets; sourceTree = "<group>"; };
		0B7B3C3B2E3D81D70056A79C /* Macro.entitlements */ = {isa = PBXFileReference; lastKnownFileType = text.plist.entitlements; path = Macro.entitlements; sourceTree = "<group>"; };
		0BB9EF0E2E39BB1D00EDB4AA /* Info.plist */ = {isa = PBXFileReference; lastKnownFileType = text.plist.xml; path = Info.plist; sourceTree = "<group>"; };
		0BB9EF0F2E39BB1D00EDB4AA /* Macro.xcodeproj */ = {isa = PBXFileReference; lastKnownFileType = "wrapper.pb-project"; path = Macro.xcodeproj; sourceTree = "<group>"; };
		0BEE023E2E39ACF20085B9EA /* Macro.app */ = {isa = PBXFileReference; explicitFileType = wrapper.application; includeInIndex = 0; path = Macro.app; sourceTree = BUILT_PRODUCTS_DIR; };
		0BF08C542E3F382600B31C7C /* GoalsSetupView.swift */ = {isa = PBXFileReference; lastKnownFileType = sourcecode.swift; path = GoalsSetupView.swift; sourceTree = "<group>"; };
/* End PBXFileReference section */

/* Begin PBXFrameworksBuildPhase section */
		0BEE023B2E39ACF20085B9EA /* Frameworks */ = {
			isa = PBXFrameworksBuildPhase;
			buildActionMask = 2147483647;
			files = (
				0B1580182E3EF7F400D74A8D /* GoogleSignInSwift in Frameworks */,
				0B7B3CD22E3D954A0056A79C /* Supabase in Frameworks */,
				0B1580162E3EF7F400D74A8D /* GoogleSignIn in Frameworks */,
				0B7B3CD02E3D954A0056A79C /* Storage in Frameworks */,
				0B7B3CCC2E3D954A0056A79C /* PostgREST in Frameworks */,
				0B7B3CCA2E3D954A0056A79C /* Functions in Frameworks */,
				0B7B3CC82E3D954A0056A79C /* Auth in Frameworks */,
				0B7B3CCE2E3D954A0056A79C /* Realtime in Frameworks */,
				0B02C6372E3AEE1200A672B6 /* CloudKit.framework in Frameworks */,
			);
			runOnlyForDeploymentPostprocessing = 0;
		};
/* End PBXFrameworksBuildPhase section */

/* Begin PBXGroup section */
		0B1819E62E39D88000562B43 /* Frameworks */ = {
			isa = PBXGroup;
			children = (
				0B02C6352E3AEE0D00A672B6 /* CloudKit.framework */,
			);
			name = Frameworks;
			sourceTree = "<group>";
		};
		0B3CB4202E3E28B400CA3A71 /* Authentication */ = {
			isa = PBXGroup;
			children = (
				0B3CB41E2E3E28B400CA3A71 /* LoginView.swift */,
			);
			path = Authentication;
			sourceTree = "<group>";
		};
		0B3CB4272E3E28B400CA3A71 /* CloudKit */ = {
			isa = PBXGroup;
			children = (
				0B3CB4212E3E28B400CA3A71 /* CloudKitAuthenticationService.swift */,
				0B3CB4222E3E28B400CA3A71 /* CloudKitAuthService.swift */,
				0B3CB4232E3E28B400CA3A71 /* CloudKitProfileService.swift */,
				0B3CB4242E3E28B400CA3A71 /* CloudKitUserProfileRepository.swift */,
				0B3CB4252E3E28B400CA3A71 /* iCloudDocumentService.swift */,
				0B3CB4262E3E28B400CA3A71 /* ICloudService.swift */,
			);
			path = CloudKit;
			sourceTree = "<group>";
		};
		0B3CB42F2E3E28B400CA3A71 /* Services */ = {
			isa = PBXGroup;
			children = (
				0B3CB4282E3E28B400CA3A71 /* AlternativeStorageOptions.swift */,
				0B3CB4292E3E28B400CA3A71 /* CloudNutrientService.swift */,
				0B3CB42A2E3E28B400CA3A71 /* FoodAnalysisService.swift */,
				0B3CB42B2E3E28B400CA3A71 /* GitHubNutrientService.swift */,
				0B3CB42C2E3E28B400CA3A71 /* MacroServices.swift */,
				0B3CB42D2E3E28B400CA3A71 /* NutrientService.swift */,
				0B3CB42E2E3E28B400CA3A71 /* SimpleFoodAI.swift */,
			);
			path = Services;
			sourceTree = "<group>";
		};
		0B3CB4382E3E28B400CA3A71 /* Data */ = {
			isa = PBXGroup;
			children = (
				0B1580192E3EF97400D74A8D /* GoogleSignInManager.swift */,
				0B1580122E3EF3F900D74A8D /* AuthManager.swift */,
				0B3CB4272E3E28B400CA3A71 /* CloudKit */,
				0B3CB42F2E3E28B400CA3A71 /* Services */,
				0B3CB4302E3E28B400CA3A71 /* GroupRepository.swift */,
				0B3CB4312E3E28B400CA3A71 /* LocalGroupStorage.swift */,
				0B3CB4322E3E28B400CA3A71 /* Models.swift */,
				0B3CB4822E3E2AB600CA3A71 /* AppleSignInManager.swift */,
				0B3CB4332E3E28B400CA3A71 /* SharedDataLoader.swift */,
				0B3CB4352E3E28B400CA3A71 /* SupabaseManager.swift */,
				0B3CB4362E3E28B400CA3A71 /* SyncManager.swift */,
				0B3CB4372E3E28B400CA3A71 /* UserProfileRepository.swift */,
			);
			path = Data;
			sourceTree = "<group>";
		};
		0B3CB43E2E3E28B400CA3A71 /* Domain */ = {
			isa = PBXGroup;
			children = (
				0B3CB4392E3E28B400CA3A71 /* CloudProvider.swift */,
				0B3CB43A2E3E28B400CA3A71 /* Group.swift */,
				0B3CB43B2E3E28B400CA3A71 /* NutritionData.swift */,
				0B3CB43C2E3E28B400CA3A71 /* TestTypes.swift */,
				0B3CB43D2E3E28B400CA3A71 /* UserProfile.swift */,
			);
			path = Domain;
			sourceTree = "<group>";
		};
		0B3CB4432E3E28B400CA3A71 /* Onboarding */ = {
			isa = PBXGroup;
			children = (
				0BF08C542E3F382600B31C7C /* GoalsSetupView.swift */,
				0B15801B2E3F005D00D74A8D /* OnboardingView.swift */,
				0B3CB4402E3E28B400CA3A71 /* OnboardingDemoView.swift */,
				0B3CB4412E3E28B400CA3A71 /* ProfileSetupView.swift */,
				0B3CB4422E3E28B400CA3A71 /* WelcomeView.swift */,
			);
			path = Onboarding;
			sourceTree = "<group>";
		};
		0B3CB44A2E3E28B400CA3A71 /* Components */ = {
			isa = PBXGroup;
			children = (
				0B3CB4442E3E28B400CA3A71 /* AnimatedWelcomeLogo.swift */,
				0B3CB4452E3E28B400CA3A71 /* LoadingAnimations.swift */,
				0B3CB4462E3E28B400CA3A71 /* NavigationBar.swift */,
				0B3CB4472E3E28B400CA3A71 /* NutrientDatabaseDownloadView.swift */,
				0B3CB4482E3E28B400CA3A71 /* StyledTextField.swift */,
				0B3CB4492E3E28B400CA3A71 /* UniversalBackground.swift */,
			);
			path = Components;
			sourceTree = "<group>";
		};
		0B3CB44D2E3E28B400CA3A71 /* MainApp */ = {
			isa = PBXGroup;
			children = (
				0B3CB44B2E3E28B400CA3A71 /* FloatingInputBar.swift */,
				0B3CB44C2E3E28B400CA3A71 /* MainAppView.swift */,
			);
			path = MainApp;
			sourceTree = "<group>";
		};
		0B3CB4512E3E28B400CA3A71 /* Settings */ = {
			isa = PBXGroup;
			children = (
				0B3CB44E2E3E28B400CA3A71 /* CloudStorageSettingsView.swift */,
				0B3CB44F2E3E28B400CA3A71 /* SettingsMenu.swift */,
				0B3CB4502E3E28B400CA3A71 /* SettingsView.swift */,
			);
			path = Settings;
			sourceTree = "<group>";
		};
		0B3CB4542E3E28B400CA3A71 /* Presentation */ = {
			isa = PBXGroup;
			children = (
				0B3CB44A2E3E28B400CA3A71 /* Components */,
				0B3CB44D2E3E28B400CA3A71 /* MainApp */,
				0B3CB4512E3E28B400CA3A71 /* Settings */,
				0B3CB4522E3E28B400CA3A71 /* ContentView.swift */,
				0B3CB4532E3E28B400CA3A71 /* MacroApp.swift */,
			);
			path = Presentation;
			sourceTree = "<group>";
		};
		0BB9EF162E39BB1D00EDB4AA /* Products */ = {
			isa = PBXGroup;
			name = Products;
			sourceTree = "<group>";
		};
		0BEE02352E39ACF20085B9EA = {
			isa = PBXGroup;
			children = (
				0B3CB4202E3E28B400CA3A71 /* Authentication */,
				0B3CB4382E3E28B400CA3A71 /* Data */,
				0B3CB43E2E3E28B400CA3A71 /* Domain */,
				0B3CB4432E3E28B400CA3A71 /* Onboarding */,
				0B3CB4542E3E28B400CA3A71 /* Presentation */,
				0B7B3C3B2E3D81D70056A79C /* Macro.entitlements */,
				0B5257A52E3A2E2900B30CCA /* Assets.xcassets */,
				0BB9EF0E2E39BB1D00EDB4AA /* Info.plist */,
				0BB9EF0F2E39BB1D00EDB4AA /* Macro.xcodeproj */,
				0B1819E62E39D88000562B43 /* Frameworks */,
				0BEE023F2E39ACF20085B9EA /* Products */,
			);
			sourceTree = "<group>";
		};
		0BEE023F2E39ACF20085B9EA /* Products */ = {
			isa = PBXGroup;
			children = (
				0BEE023E2E39ACF20085B9EA /* Macro.app */,
			);
			name = Products;
			sourceTree = "<group>";
		};
/* End PBXGroup section */

/* Begin PBXNativeTarget section */
		0BEE023D2E39ACF20085B9EA /* Macro */ = {
			isa = PBXNativeTarget;
			buildConfigurationList = 0BEE02492E39ACF40085B9EA /* Build configuration list for PBXNativeTarget "Macro" */;
			buildPhases = (
				0BEE023A2E39ACF20085B9EA /* Sources */,
				0BEE023B2E39ACF20085B9EA /* Frameworks */,
				0BEE023C2E39ACF20085B9EA /* Resources */,
			);
			buildRules = (
			);
			dependencies = (
			);
			name = Macro;
			packageProductDependencies = (
				0B7B3CC72E3D954A0056A79C /* Auth */,
				0B7B3CC92E3D954A0056A79C /* Functions */,
				0B7B3CCB2E3D954A0056A79C /* PostgREST */,
				0B7B3CCD2E3D954A0056A79C /* Realtime */,
				0B7B3CCF2E3D954A0056A79C /* Storage */,
				0B7B3CD12E3D954A0056A79C /* Supabase */,
				0B1580152E3EF7F400D74A8D /* GoogleSignIn */,
				0B1580172E3EF7F400D74A8D /* GoogleSignInSwift */,
			);
			productName = Macro;
			productReference = 0BEE023E2E39ACF20085B9EA /* Macro.app */;
			productType = "com.apple.product-type.application";
		};
/* End PBXNativeTarget section */

/* Begin PBXProject section */
		0BEE02362E39ACF20085B9EA /* Project object */ = {
			isa = PBXProject;
			attributes = {
				BuildIndependentTargetsInParallel = 1;
				LastSwiftUpdateCheck = 2600;
				LastUpgradeCheck = 2600;
				TargetAttributes = {
					0BEE023D2E39ACF20085B9EA = {
						CreatedOnToolsVersion = 26.0;
					};
				};
			};
			buildConfigurationList = 0BEE02392E39ACF20085B9EA /* Build configuration list for PBXProject "Macro" */;
			developmentRegion = en;
			hasScannedForEncodings = 0;
			knownRegions = (
				en,
				Base,
			);
			mainGroup = 0BEE02352E39ACF20085B9EA;
			minimizedProjectReferenceProxies = 1;
			packageReferences = (
				0B7B3CC62E3D954A0056A79C /* XCRemoteSwiftPackageReference "supabase-swift" */,
				0B1580142E3EF7F400D74A8D /* XCRemoteSwiftPackageReference "GoogleSignIn-iOS" */,
			);
			preferredProjectObjectVersion = 77;
			productRefGroup = 0BEE023F2E39ACF20085B9EA /* Products */;
			projectDirPath = "";
			projectReferences = (
				{
					ProductGroup = 0BB9EF162E39BB1D00EDB4AA /* Products */;
					ProjectRef = 0BB9EF0F2E39BB1D00EDB4AA /* Macro.xcodeproj */;
				},
			);
			projectRoot = "";
			targets = (
				0BEE023D2E39ACF20085B9EA /* Macro */,
			);
		};
/* End PBXProject section */

/* Begin PBXResourcesBuildPhase section */
		0BEE023C2E39ACF20085B9EA /* Resources */ = {
			isa = PBXResourcesBuildPhase;
			buildActionMask = 2147483647;
			files = (
				0B5257A62E3A2E2900B30CCA /* Assets.xcassets in Resources */,
			);
			runOnlyForDeploymentPostprocessing = 0;
		};
/* End PBXResourcesBuildPhase section */

/* Begin PBXSourcesBuildPhase section */
		0BEE023A2E39ACF20085B9EA /* Sources */ = {
			isa = PBXSourcesBuildPhase;
			buildActionMask = 2147483647;
			files = (
				0B3CB4562E3E28B400CA3A71 /* MacroServices.swift in Sources */,
				0B3CB4572E3E28B400CA3A71 /* ContentView.swift in Sources */,
				0B3CB4582E3E28B400CA3A71 /* StyledTextField.swift in Sources */,
				0B3CB4592E3E28B400CA3A71 /* SettingsView.swift in Sources */,
				0B3CB45A2E3E28B400CA3A71 /* SimpleFoodAI.swift in Sources */,
				0B3CB45B2E3E28B400CA3A71 /* AlternativeStorageOptions.swift in Sources */,
				0B3CB45C2E3E28B400CA3A71 /* SharedDataLoader.swift in Sources */,
				0B3CB45D2E3E28B400CA3A71 /* ICloudService.swift in Sources */,
				0B15801A2E3EF97400D74A8D /* GoogleSignInManager.swift in Sources */,
				0B3CB45E2E3E28B400CA3A71 /* NutrientDatabaseDownloadView.swift in Sources */,
				0B3CB45F2E3E28B400CA3A71 /* SettingsMenu.swift in Sources */,
				0B3CB4602E3E28B400CA3A71 /* ProfileSetupView.swift in Sources */,
				0B3CB4612E3E28B400CA3A71 /* OnboardingDemoView.swift in Sources */,
				0B3CB4622E3E28B400CA3A71 /* LocalGroupStorage.swift in Sources */,
				0B3CB4632E3E28B400CA3A71 /* UniversalBackground.swift in Sources */,
				0B3CB4642E3E28B400CA3A71 /* iCloudDocumentService.swift in Sources */,
				0B3CB4652E3E28B400CA3A71 /* SupabaseManager.swift in Sources */,
				0B3CB4662E3E28B400CA3A71 /* CloudProvider.swift in Sources */,
				0B3CB4672E3E28B400CA3A71 /* Models.swift in Sources */,
				0B3CB4682E3E28B400CA3A71 /* UserProfile.swift in Sources */,
				0B1580132E3EF3F900D74A8D /* AuthManager.swift in Sources */,
				0B3CB4692E3E28B400CA3A71 /* CloudKitAuthenticationService.swift in Sources */,
				0B3CB46A2E3E28B400CA3A71 /* GitHubNutrientService.swift in Sources */,
				0B3CB46B2E3E28B400CA3A71 /* SyncManager.swift in Sources */,
				0B3CB46C2E3E28B400CA3A71 /* CloudKitUserProfileRepository.swift in Sources */,
				0BF08C552E3F382600B31C7C /* GoalsSetupView.swift in Sources */,
				0B3CB46E2E3E28B400CA3A71 /* CloudKitAuthService.swift in Sources */,
				0B3CB46F2E3E28B400CA3A71 /* MacroApp.swift in Sources */,
				0B3CB4702E3E28B400CA3A71 /* TestTypes.swift in Sources */,
				0B3CB4712E3E28B400CA3A71 /* CloudKitProfileService.swift in Sources */,
				0B3CB4722E3E28B400CA3A71 /* NavigationBar.swift in Sources */,
				0B3CB4832E3E2AB600CA3A71 /* AppleSignInManager.swift in Sources */,
				0B3CB4732E3E28B400CA3A71 /* NutritionData.swift in Sources */,
				0B3CB4742E3E28B400CA3A71 /* NutrientService.swift in Sources */,
				0B3CB4752E3E28B400CA3A71 /* GroupRepository.swift in Sources */,
				0B3CB4762E3E28B400CA3A71 /* CloudStorageSettingsView.swift in Sources */,
				0B3CB4782E3E28B400CA3A71 /* LoadingAnimations.swift in Sources */,
				0B15801C2E3F005D00D74A8D /* OnboardingView.swift in Sources */,
				0B3CB4792E3E28B400CA3A71 /* FloatingInputBar.swift in Sources */,
				0B3CB47A2E3E28B400CA3A71 /* Group.swift in Sources */,
				0B3CB47B2E3E28B400CA3A71 /* CloudNutrientService.swift in Sources */,
				0B3CB47C2E3E28B400CA3A71 /* LoginView.swift in Sources */,
				0B3CB47D2E3E28B400CA3A71 /* UserProfileRepository.swift in Sources */,
				0B3CB47E2E3E28B400CA3A71 /* MainAppView.swift in Sources */,
				0B3CB47F2E3E28B400CA3A71 /* WelcomeView.swift in Sources */,
				0B3CB4802E3E28B400CA3A71 /* AnimatedWelcomeLogo.swift in Sources */,
				0B3CB4812E3E28B400CA3A71 /* FoodAnalysisService.swift in Sources */,
			);
			runOnlyForDeploymentPostprocessing = 0;
		};
/* End PBXSourcesBuildPhase section */

/* Begin XCBuildConfiguration section */
		0BEE02472E39ACF40085B9EA /* Debug */ = {
			isa = XCBuildConfiguration;
			buildSettings = {
				ALLOW_TARGET_PLATFORM_SPECIALIZATION = YES;
				ALWAYS_SEARCH_USER_PATHS = NO;
				ASSETCATALOG_COMPILER_GENERATE_SWIFT_ASSET_SYMBOL_EXTENSIONS = YES;
				CLANG_ANALYZER_NONNULL = YES;
				CLANG_ANALYZER_NUMBER_OBJECT_CONVERSION = YES_AGGRESSIVE;
				CLANG_CXX_LANGUAGE_STANDARD = "gnu++20";
				CLANG_ENABLE_MODULES = YES;
				CLANG_ENABLE_OBJC_ARC = YES;
				CLANG_ENABLE_OBJC_WEAK = YES;
				CLANG_WARN_BLOCK_CAPTURE_AUTORELEASING = YES;
				CLANG_WARN_BOOL_CONVERSION = YES;
				CLANG_WARN_COMMA = YES;
				CLANG_WARN_CONSTANT_CONVERSION = YES;
				CLANG_WARN_DEPRECATED_OBJC_IMPLEMENTATIONS = YES;
				CLANG_WARN_DIRECT_OBJC_ISA_USAGE = YES_ERROR;
				CLANG_WARN_DOCUMENTATION_COMMENTS = YES;
				CLANG_WARN_EMPTY_BODY = YES;
				CLANG_WARN_ENUM_CONVERSION = YES;
				CLANG_WARN_INFINITE_RECURSION = YES;
				CLANG_WARN_INT_CONVERSION = YES;
				CLANG_WARN_NON_LITERAL_NULL_CONVERSION = YES;
				CLANG_WARN_OBJC_IMPLICIT_RETAIN_SELF = YES;
				CLANG_WARN_OBJC_LITERAL_CONVERSION = YES;
				CLANG_WARN_OBJC_ROOT_CLASS = YES_ERROR;
				CLANG_WARN_QUOTED_INCLUDE_IN_FRAMEWORK_HEADER = YES;
				CLANG_WARN_RANGE_LOOP_ANALYSIS = YES;
				CLANG_WARN_STRICT_PROTOTYPES = YES;
				CLANG_WARN_SUSPICIOUS_MOVE = YES;
				CLANG_WARN_UNGUARDED_AVAILABILITY = YES_AGGRESSIVE;
				CLANG_WARN_UNREACHABLE_CODE = YES;
				CLANG_WARN__DUPLICATE_METHOD_MATCH = YES;
				COPY_PHASE_STRIP = NO;
				DEBUG_INFORMATION_FORMAT = dwarf;
				DEVELOPMENT_TEAM = QPJ3G326WV;
				ENABLE_STRICT_OBJC_MSGSEND = YES;
				ENABLE_TESTABILITY = YES;
				ENABLE_USER_SCRIPT_SANDBOXING = YES;
				GCC_C_LANGUAGE_STANDARD = gnu17;
				GCC_DYNAMIC_NO_PIC = NO;
				GCC_NO_COMMON_BLOCKS = YES;
				GCC_OPTIMIZATION_LEVEL = 0;
				GCC_PREPROCESSOR_DEFINITIONS = (
					"DEBUG=1",
					"$(inherited)",
				);
				GCC_WARN_64_TO_32_BIT_CONVERSION = YES;
				GCC_WARN_ABOUT_RETURN_TYPE = YES_ERROR;
				GCC_WARN_UNDECLARED_SELECTOR = YES;
				GCC_WARN_UNINITIALIZED_AUTOS = YES_AGGRESSIVE;
				GCC_WARN_UNUSED_FUNCTION = YES;
				GCC_WARN_UNUSED_VARIABLE = YES;
				LOCALIZATION_PREFERS_STRING_CATALOGS = YES;
				MACOSX_DEPLOYMENT_TARGET = "";
				MTL_ENABLE_DEBUG_INFO = INCLUDE_SOURCE;
				MTL_FAST_MATH = YES;
				ONLY_ACTIVE_ARCH = YES;
				SUPPORTED_PLATFORMS = "xrsimulator xros watchsimulator watchos macosx iphonesimulator iphoneos driverkit appletvsimulator appletvos";
				SUPPORTS_MACCATALYST = YES;
				SWIFT_ACTIVE_COMPILATION_CONDITIONS = "DEBUG $(inherited)";
				SWIFT_OPTIMIZATION_LEVEL = "-Onone";
			};
			name = Debug;
		};
		0BEE02482E39ACF40085B9EA /* Release */ = {
			isa = XCBuildConfiguration;
			buildSettings = {
				ALLOW_TARGET_PLATFORM_SPECIALIZATION = YES;
				ALWAYS_SEARCH_USER_PATHS = NO;
				ASSETCATALOG_COMPILER_GENERATE_SWIFT_ASSET_SYMBOL_EXTENSIONS = YES;
				CLANG_ANALYZER_NONNULL = YES;
				CLANG_ANALYZER_NUMBER_OBJECT_CONVERSION = YES_AGGRESSIVE;
				CLANG_CXX_LANGUAGE_STANDARD = "gnu++20";
				CLANG_ENABLE_MODULES = YES;
				CLANG_ENABLE_OBJC_ARC = YES;
				CLANG_ENABLE_OBJC_WEAK = YES;
				CLANG_WARN_BLOCK_CAPTURE_AUTORELEASING = YES;
				CLANG_WARN_BOOL_CONVERSION = YES;
				CLANG_WARN_COMMA = YES;
				CLANG_WARN_CONSTANT_CONVERSION = YES;
				CLANG_WARN_DEPRECATED_OBJC_IMPLEMENTATIONS = YES;
				CLANG_WARN_DIRECT_OBJC_ISA_USAGE = YES_ERROR;
				CLANG_WARN_DOCUMENTATION_COMMENTS = YES;
				CLANG_WARN_EMPTY_BODY = YES;
				CLANG_WARN_ENUM_CONVERSION = YES;
				CLANG_WARN_INFINITE_RECURSION = YES;
				CLANG_WARN_INT_CONVERSION = YES;
				CLANG_WARN_NON_LITERAL_NULL_CONVERSION = YES;
				CLANG_WARN_OBJC_IMPLICIT_RETAIN_SELF = YES;
				CLANG_WARN_OBJC_LITERAL_CONVERSION = YES;
				CLANG_WARN_OBJC_ROOT_CLASS = YES_ERROR;
				CLANG_WARN_QUOTED_INCLUDE_IN_FRAMEWORK_HEADER = YES;
				CLANG_WARN_RANGE_LOOP_ANALYSIS = YES;
				CLANG_WARN_STRICT_PROTOTYPES = YES;
				CLANG_WARN_SUSPICIOUS_MOVE = YES;
				CLANG_WARN_UNGUARDED_AVAILABILITY = YES_AGGRESSIVE;
				CLANG_WARN_UNREACHABLE_CODE = YES;
				CLANG_WARN__DUPLICATE_METHOD_MATCH = YES;
				COPY_PHASE_STRIP = NO;
				DEBUG_INFORMATION_FORMAT = "dwarf-with-dsym";
				DEVELOPMENT_TEAM = QPJ3G326WV;
				ENABLE_NS_ASSERTIONS = NO;
				ENABLE_STRICT_OBJC_MSGSEND = YES;
				ENABLE_USER_SCRIPT_SANDBOXING = YES;
				GCC_C_LANGUAGE_STANDARD = gnu17;
				GCC_NO_COMMON_BLOCKS = YES;
				GCC_WARN_64_TO_32_BIT_CONVERSION = YES;
				GCC_WARN_ABOUT_RETURN_TYPE = YES_ERROR;
				GCC_WARN_UNDECLARED_SELECTOR = YES;
				GCC_WARN_UNINITIALIZED_AUTOS = YES_AGGRESSIVE;
				GCC_WARN_UNUSED_FUNCTION = YES;
				GCC_WARN_UNUSED_VARIABLE = YES;
				LOCALIZATION_PREFERS_STRING_CATALOGS = YES;
				MACOSX_DEPLOYMENT_TARGET = "";
				MTL_ENABLE_DEBUG_INFO = NO;
				MTL_FAST_MATH = YES;
				SUPPORTED_PLATFORMS = "xrsimulator xros watchsimulator watchos macosx iphonesimulator iphoneos driverkit appletvsimulator appletvos";
				SUPPORTS_MACCATALYST = YES;
				SWIFT_COMPILATION_MODE = wholemodule;
			};
			name = Release;
		};
		0BEE024A2E39ACF40085B9EA /* Debug */ = {
			isa = XCBuildConfiguration;
			buildSettings = {
				ASSETCATALOG_COMPILER_APPICON_NAME = AppIcon;
				ASSETCATALOG_COMPILER_GLOBAL_ACCENT_COLOR_NAME = AccentColor;
				CODE_SIGN_ENTITLEMENTS = Macro.entitlements;
				CODE_SIGN_IDENTITY = "Apple Development";
				CODE_SIGN_STYLE = Automatic;
				CURRENT_PROJECT_VERSION = 1;
				DEVELOPMENT_TEAM = QPJ3G326WV;
				ENABLE_APP_SANDBOX = YES;
				ENABLE_HARDENED_RUNTIME = YES;
				ENABLE_PREVIEWS = YES;
				ENABLE_USER_SELECTED_FILES = readonly;
				GENERATE_INFOPLIST_FILE = NO;
				INFOPLIST_FILE = Info.plist;
				INFOPLIST_KEY_CFBundleDisplayName = Macro;
				INFOPLIST_KEY_LSApplicationCategoryType = "public.app-category.healthcare-fitness";
				"INFOPLIST_KEY_UIApplicationSceneManifest_Generation[sdk=iphoneos*]" = YES;
				"INFOPLIST_KEY_UIApplicationSceneManifest_Generation[sdk=iphonesimulator*]" = YES;
				"INFOPLIST_KEY_UIApplicationSupportsIndirectInputEvents[sdk=iphoneos*]" = YES;
				"INFOPLIST_KEY_UIApplicationSupportsIndirectInputEvents[sdk=iphonesimulator*]" = YES;
				"INFOPLIST_KEY_UILaunchScreen_Generation[sdk=iphoneos*]" = YES;
				"INFOPLIST_KEY_UILaunchScreen_Generation[sdk=iphonesimulator*]" = YES;
				"INFOPLIST_KEY_UIStatusBarStyle[sdk=iphoneos*]" = UIStatusBarStyleDefault;
				"INFOPLIST_KEY_UIStatusBarStyle[sdk=iphonesimulator*]" = UIStatusBarStyleDefault;
				INFOPLIST_KEY_UISupportedInterfaceOrientations = UIInterfaceOrientationPortrait;
				INFOPLIST_KEY_UISupportedInterfaceOrientations_iPad = "UIInterfaceOrientationLandscapeLeft UIInterfaceOrientationLandscapeRight UIInterfaceOrientationPortrait UIInterfaceOrientationPortraitUpsideDown";
				IPHONEOS_DEPLOYMENT_TARGET = 18.0;
				LD_RUNPATH_SEARCH_PATHS = "@executable_path/Frameworks";
				"LD_RUNPATH_SEARCH_PATHS[sdk=macosx*]" = "@executable_path/../Frameworks";
				MACOSX_DEPLOYMENT_TARGET = "";
				MARKETING_VERSION = 1.0;
				PRODUCT_BUNDLE_IDENTIFIER = io.lumoralabs.macro;
				PRODUCT_NAME = "$(TARGET_NAME)";
				PROVISIONING_PROFILE_SPECIFIER = "";
				REGISTER_APP_GROUPS = YES;
				SDKROOT = auto;
				STRING_CATALOG_GENERATE_SYMBOLS = YES;
				SUPPORTED_PLATFORMS = "iphoneos iphonesimulator";
				SUPPORTS_MACCATALYST = NO;
				SWIFT_APPROACHABLE_CONCURRENCY = YES;
				SWIFT_DEFAULT_ACTOR_ISOLATION = MainActor;
				SWIFT_EMIT_LOC_STRINGS = YES;
				SWIFT_UPCOMING_FEATURE_MEMBER_IMPORT_VISIBILITY = YES;
				SWIFT_VERSION = 5.0;
				TARGETED_DEVICE_FAMILY = 1;
				TVOS_DEPLOYMENT_TARGET = "";
				XROS_DEPLOYMENT_TARGET = "";
			};
			name = Debug;
		};
		0BEE024B2E39ACF40085B9EA /* Release */ = {
			isa = XCBuildConfiguration;
			buildSettings = {
				ASSETCATALOG_COMPILER_APPICON_NAME = AppIcon;
				ASSETCATALOG_COMPILER_GLOBAL_ACCENT_COLOR_NAME = AccentColor;
				CODE_SIGN_ENTITLEMENTS = Macro.entitlements;
				CODE_SIGN_IDENTITY = "Apple Development";
				CODE_SIGN_STYLE = Automatic;
				CURRENT_PROJECT_VERSION = 1;
				DEVELOPMENT_TEAM = QPJ3G326WV;
				ENABLE_APP_SANDBOX = YES;
				ENABLE_HARDENED_RUNTIME = YES;
				ENABLE_PREVIEWS = YES;
				ENABLE_USER_SELECTED_FILES = readonly;
				GENERATE_INFOPLIST_FILE = NO;
				INFOPLIST_FILE = Info.plist;
				INFOPLIST_KEY_CFBundleDisplayName = Macro;
				INFOPLIST_KEY_LSApplicationCategoryType = "public.app-category.healthcare-fitness";
				"INFOPLIST_KEY_UIApplicationSceneManifest_Generation[sdk=iphoneos*]" = YES;
				"INFOPLIST_KEY_UIApplicationSceneManifest_Generation[sdk=iphonesimulator*]" = YES;
				"INFOPLIST_KEY_UIApplicationSupportsIndirectInputEvents[sdk=iphoneos*]" = YES;
				"INFOPLIST_KEY_UIApplicationSupportsIndirectInputEvents[sdk=iphonesimulator*]" = YES;
				"INFOPLIST_KEY_UILaunchScreen_Generation[sdk=iphoneos*]" = YES;
				"INFOPLIST_KEY_UILaunchScreen_Generation[sdk=iphonesimulator*]" = YES;
				"INFOPLIST_KEY_UIStatusBarStyle[sdk=iphoneos*]" = UIStatusBarStyleDefault;
				"INFOPLIST_KEY_UIStatusBarStyle[sdk=iphonesimulator*]" = UIStatusBarStyleDefault;
				INFOPLIST_KEY_UISupportedInterfaceOrientations = UIInterfaceOrientationPortrait;
				INFOPLIST_KEY_UISupportedInterfaceOrientations_iPad = "UIInterfaceOrientationLandscapeLeft UIInterfaceOrientationLandscapeRight UIInterfaceOrientationPortrait UIInterfaceOrientationPortraitUpsideDown";
				IPHONEOS_DEPLOYMENT_TARGET = 18.0;
				LD_RUNPATH_SEARCH_PATHS = "@executable_path/Frameworks";
				"LD_RUNPATH_SEARCH_PATHS[sdk=macosx*]" = "@executable_path/../Frameworks";
				MACOSX_DEPLOYMENT_TARGET = "";
				MARKETING_VERSION = 1.0;
				PRODUCT_BUNDLE_IDENTIFIER = io.lumoralabs.macro;
				PRODUCT_NAME = "$(TARGET_NAME)";
				PROVISIONING_PROFILE_SPECIFIER = "";
				REGISTER_APP_GROUPS = YES;
				SDKROOT = auto;
				STRING_CATALOG_GENERATE_SYMBOLS = YES;
				SUPPORTED_PLATFORMS = "iphoneos iphonesimulator";
				SUPPORTS_MACCATALYST = NO;
				SWIFT_APPROACHABLE_CONCURRENCY = YES;
				SWIFT_DEFAULT_ACTOR_ISOLATION = MainActor;
				SWIFT_EMIT_LOC_STRINGS = YES;
				SWIFT_UPCOMING_FEATURE_MEMBER_IMPORT_VISIBILITY = YES;
				SWIFT_VERSION = 5.0;
				TARGETED_DEVICE_FAMILY = 1;
				TVOS_DEPLOYMENT_TARGET = "";
				XROS_DEPLOYMENT_TARGET = "";
			};
			name = Release;
		};
/* End XCBuildConfiguration section */

/* Begin XCConfigurationList section */
		0BEE02392E39ACF20085B9EA /* Build configuration list for PBXProject "Macro" */ = {
			isa = XCConfigurationList;
			buildConfigurations = (
				0BEE02472E39ACF40085B9EA /* Debug */,
				0BEE02482E39ACF40085B9EA /* Release */,
			);
			defaultConfigurationIsVisible = 0;
			defaultConfigurationName = Release;
		};
		0BEE02492E39ACF40085B9EA /* Build configuration list for PBXNativeTarget "Macro" */ = {
			isa = XCConfigurationList;
			buildConfigurations = (
				0BEE024A2E39ACF40085B9EA /* Debug */,
				0BEE024B2E39ACF40085B9EA /* Release */,
			);
			defaultConfigurationIsVisible = 0;
			defaultConfigurationName = Release;
		};
/* End XCConfigurationList section */

/* Begin XCRemoteSwiftPackageReference section */
		0B1580142E3EF7F400D74A8D /* XCRemoteSwiftPackageReference "GoogleSignIn-iOS" */ = {
			isa = XCRemoteSwiftPackageReference;
			repositoryURL = "https://github.com/google/GoogleSignIn-iOS.git";
			requirement = {
				kind = upToNextMajorVersion;
				minimumVersion = 9.0.0;
			};
		};
		0B7B3CC62E3D954A0056A79C /* XCRemoteSwiftPackageReference "supabase-swift" */ = {
			isa = XCRemoteSwiftPackageReference;
			repositoryURL = "https://github.com/supabase/supabase-swift.git";
			requirement = {
				kind = upToNextMajorVersion;
				minimumVersion = 2.5.1;
			};
		};
/* End XCRemoteSwiftPackageReference section */

/* Begin XCSwiftPackageProductDependency section */
		0B1580152E3EF7F400D74A8D /* GoogleSignIn */ = {
			isa = XCSwiftPackageProductDependency;
			package = 0B1580142E3EF7F400D74A8D /* XCRemoteSwiftPackageReference "GoogleSignIn-iOS" */;
			productName = GoogleSignIn;
		};
		0B1580172E3EF7F400D74A8D /* GoogleSignInSwift */ = {
			isa = XCSwiftPackageProductDependency;
			package = 0B1580142E3EF7F400D74A8D /* XCRemoteSwiftPackageReference "GoogleSignIn-iOS" */;
			productName = GoogleSignInSwift;
		};
		0B7B3CC72E3D954A0056A79C /* Auth */ = {
			isa = XCSwiftPackageProductDependency;
			package = 0B7B3CC62E3D954A0056A79C /* XCRemoteSwiftPackageReference "supabase-swift" */;
			productName = Auth;
		};
		0B7B3CC92E3D954A0056A79C /* Functions */ = {
			isa = XCSwiftPackageProductDependency;
			package = 0B7B3CC62E3D954A0056A79C /* XCRemoteSwiftPackageReference "supabase-swift" */;
			productName = Functions;
		};
		0B7B3CCB2E3D954A0056A79C /* PostgREST */ = {
			isa = XCSwiftPackageProductDependency;
			package = 0B7B3CC62E3D954A0056A79C /* XCRemoteSwiftPackageReference "supabase-swift" */;
			productName = PostgREST;
		};
		0B7B3CCD2E3D954A0056A79C /* Realtime */ = {
			isa = XCSwiftPackageProductDependency;
			package = 0B7B3CC62E3D954A0056A79C /* XCRemoteSwiftPackageReference "supabase-swift" */;
			productName = Realtime;
		};
		0B7B3CCF2E3D954A0056A79C /* Storage */ = {
			isa = XCSwiftPackageProductDependency;
			package = 0B7B3CC62E3D954A0056A79C /* XCRemoteSwiftPackageReference "supabase-swift" */;
			productName = Storage;
		};
		0B7B3CD12E3D954A0056A79C /* Supabase */ = {
			isa = XCSwiftPackageProductDependency;
			package = 0B7B3CC62E3D954A0056A79C /* XCRemoteSwiftPackageReference "supabase-swift" */;
			productName = Supabase;
		};
/* End XCSwiftPackageProductDependency section */
	};
	rootObject = 0BEE02362E39ACF20085B9EA /* Project object */;
}
